// !$*UTF8*$!
{
	archiveVersion = 1;
	classes = {
	};
	objectVersion = 46;
	objects = {

/* Begin PBXBuildFile section */
		0105C2F21CCB680000F268E0 /* RegulationBrightness.swift in Sources */ = {isa = PBXBuildFile; fileRef = 0105C2F11CCB680000F268E0 /* RegulationBrightness.swift */; };
		01260ECA1DD5A94E00E668E6 /* DGActivityIndicatorAnimation.m in Sources */ = {isa = PBXBuildFile; fileRef = 01260E841DD5A94E00E668E6 /* DGActivityIndicatorAnimation.m */; };
		01260ECB1DD5A94E00E668E6 /* DGActivityIndicatorBallBeatAnimation.m in Sources */ = {isa = PBXBuildFile; fileRef = 01260E861DD5A94E00E668E6 /* DGActivityIndicatorBallBeatAnimation.m */; };
		01260ECC1DD5A94E00E668E6 /* DGActivityIndicatorBallClipRotateAnimation.m in Sources */ = {isa = PBXBuildFile; fileRef = 01260E881DD5A94E00E668E6 /* DGActivityIndicatorBallClipRotateAnimation.m */; };
		01260ECD1DD5A94E00E668E6 /* DGActivityIndicatorBallClipRotateMultipleAnimation.m in Sources */ = {isa = PBXBuildFile; fileRef = 01260E8A1DD5A94E00E668E6 /* DGActivityIndicatorBallClipRotateMultipleAnimation.m */; };
		01260ECE1DD5A94E00E668E6 /* DGActivityIndicatorBallClipRotatePulseAnimation.m in Sources */ = {isa = PBXBuildFile; fileRef = 01260E8C1DD5A94E00E668E6 /* DGActivityIndicatorBallClipRotatePulseAnimation.m */; };
		01260ECF1DD5A94E00E668E6 /* DGActivityIndicatorBallGridBeatAnimation.m in Sources */ = {isa = PBXBuildFile; fileRef = 01260E8E1DD5A94E00E668E6 /* DGActivityIndicatorBallGridBeatAnimation.m */; };
		01260ED01DD5A94E00E668E6 /* DGActivityIndicatorBallGridPulseAnimation.m in Sources */ = {isa = PBXBuildFile; fileRef = 01260E901DD5A94E00E668E6 /* DGActivityIndicatorBallGridPulseAnimation.m */; };
		01260ED11DD5A94E00E668E6 /* DGActivityIndicatorBallPulseAnimation.m in Sources */ = {isa = PBXBuildFile; fileRef = 01260E921DD5A94E00E668E6 /* DGActivityIndicatorBallPulseAnimation.m */; };
		01260ED21DD5A94E00E668E6 /* DGActivityIndicatorBallPulseSyncAnimation.m in Sources */ = {isa = PBXBuildFile; fileRef = 01260E941DD5A94E00E668E6 /* DGActivityIndicatorBallPulseSyncAnimation.m */; };
		01260ED31DD5A94E00E668E6 /* DGActivityIndicatorBallRotateAnimation.m in Sources */ = {isa = PBXBuildFile; fileRef = 01260E961DD5A94E00E668E6 /* DGActivityIndicatorBallRotateAnimation.m */; };
		01260ED41DD5A94E00E668E6 /* DGActivityIndicatorBallScaleAnimation.m in Sources */ = {isa = PBXBuildFile; fileRef = 01260E981DD5A94E00E668E6 /* DGActivityIndicatorBallScaleAnimation.m */; };
		01260ED51DD5A94E00E668E6 /* DGActivityIndicatorBallScaleMultipleAnimation.m in Sources */ = {isa = PBXBuildFile; fileRef = 01260E9A1DD5A94E00E668E6 /* DGActivityIndicatorBallScaleMultipleAnimation.m */; };
		01260ED61DD5A94E00E668E6 /* DGActivityIndicatorBallScaleRippleAnimation.m in Sources */ = {isa = PBXBuildFile; fileRef = 01260E9C1DD5A94E00E668E6 /* DGActivityIndicatorBallScaleRippleAnimation.m */; };
		01260ED71DD5A94E00E668E6 /* DGActivityIndicatorBallScaleRippleMultipleAnimation.m in Sources */ = {isa = PBXBuildFile; fileRef = 01260E9E1DD5A94E00E668E6 /* DGActivityIndicatorBallScaleRippleMultipleAnimation.m */; };
		01260ED81DD5A94E00E668E6 /* DGActivityIndicatorBallSpinFadeLoader.m in Sources */ = {isa = PBXBuildFile; fileRef = 01260EA01DD5A94E00E668E6 /* DGActivityIndicatorBallSpinFadeLoader.m */; };
		01260ED91DD5A94E00E668E6 /* DGActivityIndicatorBallTrianglePathAnimation.m in Sources */ = {isa = PBXBuildFile; fileRef = 01260EA21DD5A94E00E668E6 /* DGActivityIndicatorBallTrianglePathAnimation.m */; };
		01260EDA1DD5A94E00E668E6 /* DGActivityIndicatorBallZigZagAnimation.m in Sources */ = {isa = PBXBuildFile; fileRef = 01260EA41DD5A94E00E668E6 /* DGActivityIndicatorBallZigZagAnimation.m */; };
		01260EDB1DD5A94E00E668E6 /* DGActivityIndicatorBallZigZagDeflectAnimation.m in Sources */ = {isa = PBXBuildFile; fileRef = 01260EA61DD5A94E00E668E6 /* DGActivityIndicatorBallZigZagDeflectAnimation.m */; };
		01260EDC1DD5A94E00E668E6 /* DGActivityIndicatorCookieTerminatorAnimation.m in Sources */ = {isa = PBXBuildFile; fileRef = 01260EA81DD5A94E00E668E6 /* DGActivityIndicatorCookieTerminatorAnimation.m */; };
		01260EDD1DD5A94E00E668E6 /* DGActivityIndicatorDoubleBounceAnimation.m in Sources */ = {isa = PBXBuildFile; fileRef = 01260EAA1DD5A94E00E668E6 /* DGActivityIndicatorDoubleBounceAnimation.m */; };
		01260EDE1DD5A94E00E668E6 /* DGActivityIndicatorFiveDotsAnimation.m in Sources */ = {isa = PBXBuildFile; fileRef = 01260EAC1DD5A94E00E668E6 /* DGActivityIndicatorFiveDotsAnimation.m */; };
		01260EDF1DD5A94E00E668E6 /* DGActivityIndicatorLineScaleAnimation.m in Sources */ = {isa = PBXBuildFile; fileRef = 01260EAE1DD5A94E00E668E6 /* DGActivityIndicatorLineScaleAnimation.m */; };
		01260EE01DD5A94E00E668E6 /* DGActivityIndicatorLineScalePartyAnimation.m in Sources */ = {isa = PBXBuildFile; fileRef = 01260EB01DD5A94E00E668E6 /* DGActivityIndicatorLineScalePartyAnimation.m */; };
		01260EE11DD5A94E00E668E6 /* DGActivityIndicatorLineScalePulseOutAnimation.m in Sources */ = {isa = PBXBuildFile; fileRef = 01260EB21DD5A94E00E668E6 /* DGActivityIndicatorLineScalePulseOutAnimation.m */; };
		01260EE21DD5A94E00E668E6 /* DGActivityIndicatorLineScalePulseOutRapidAnimation.m in Sources */ = {isa = PBXBuildFile; fileRef = 01260EB41DD5A94E00E668E6 /* DGActivityIndicatorLineScalePulseOutRapidAnimation.m */; };
		01260EE31DD5A94E00E668E6 /* DGActivityIndicatorNineDotsAnimation.m in Sources */ = {isa = PBXBuildFile; fileRef = 01260EB61DD5A94E00E668E6 /* DGActivityIndicatorNineDotsAnimation.m */; };
		01260EE41DD5A94E00E668E6 /* DGActivityIndicatorRotatingSandglassAnimation.m in Sources */ = {isa = PBXBuildFile; fileRef = 01260EB81DD5A94E00E668E6 /* DGActivityIndicatorRotatingSandglassAnimation.m */; };
		01260EE51DD5A94E00E668E6 /* DGActivityIndicatorRotatingSquaresAnimation.m in Sources */ = {isa = PBXBuildFile; fileRef = 01260EBA1DD5A94E00E668E6 /* DGActivityIndicatorRotatingSquaresAnimation.m */; };
		01260EE61DD5A94E00E668E6 /* DGActivityIndicatorRotatingTrigonAnimation.m in Sources */ = {isa = PBXBuildFile; fileRef = 01260EBC1DD5A94E00E668E6 /* DGActivityIndicatorRotatingTrigonAnimation.m */; };
		01260EE71DD5A94E00E668E6 /* DGActivityIndicatorThreeDotsAnimation.m in Sources */ = {isa = PBXBuildFile; fileRef = 01260EBE1DD5A94E00E668E6 /* DGActivityIndicatorThreeDotsAnimation.m */; };
		01260EE81DD5A94E00E668E6 /* DGActivityIndicatorTriangleSkewSpinAnimation.m in Sources */ = {isa = PBXBuildFile; fileRef = 01260EC01DD5A94E00E668E6 /* DGActivityIndicatorTriangleSkewSpinAnimation.m */; };
		01260EE91DD5A94E00E668E6 /* DGActivityIndicatorTriplePulseAnimation.m in Sources */ = {isa = PBXBuildFile; fileRef = 01260EC21DD5A94E00E668E6 /* DGActivityIndicatorTriplePulseAnimation.m */; };
		01260EEA1DD5A94E00E668E6 /* DGActivityIndicatorTripleRingsAnimation.m in Sources */ = {isa = PBXBuildFile; fileRef = 01260EC41DD5A94E00E668E6 /* DGActivityIndicatorTripleRingsAnimation.m */; };
		01260EEB1DD5A94E00E668E6 /* DGActivityIndicatorTwoDotsAnimation.m in Sources */ = {isa = PBXBuildFile; fileRef = 01260EC61DD5A94E00E668E6 /* DGActivityIndicatorTwoDotsAnimation.m */; };
		01260EEC1DD5A94E00E668E6 /* DGActivityIndicatorView.m in Sources */ = {isa = PBXBuildFile; fileRef = 01260EC91DD5A94E00E668E6 /* DGActivityIndicatorView.m */; };
		01260EF71DD5E8F300E668E6 /* back@2x.png in Resources */ = {isa = PBXBuildFile; fileRef = 01260EED1DD5E8F300E668E6 /* back@2x.png */; };
		01260EF81DD5E8F300E668E6 /* back@3x.png in Resources */ = {isa = PBXBuildFile; fileRef = 01260EEE1DD5E8F300E668E6 /* back@3x.png */; };
		01260EF91DD5E8F300E668E6 /* closefull@2x.png in Resources */ = {isa = PBXBuildFile; fileRef = 01260EEF1DD5E8F300E668E6 /* closefull@2x.png */; };
		01260EFA1DD5E8F300E668E6 /* closefull@3x.png in Resources */ = {isa = PBXBuildFile; fileRef = 01260EF01DD5E8F300E668E6 /* closefull@3x.png */; };
		01260EFB1DD5E8F300E668E6 /* pause@2x.png in Resources */ = {isa = PBXBuildFile; fileRef = 01260EF11DD5E8F300E668E6 /* pause@2x.png */; };
		01260EFC1DD5E8F300E668E6 /* pause@3x.png in Resources */ = {isa = PBXBuildFile; fileRef = 01260EF21DD5E8F300E668E6 /* pause@3x.png */; };
		01260EFD1DD5E8F300E668E6 /* play@2x.png in Resources */ = {isa = PBXBuildFile; fileRef = 01260EF31DD5E8F300E668E6 /* play@2x.png */; };
		01260EFE1DD5E8F300E668E6 /* play@3x.png in Resources */ = {isa = PBXBuildFile; fileRef = 01260EF41DD5E8F300E668E6 /* play@3x.png */; };
		01260EFF1DD5E8F300E668E6 /* tofull@2x.png in Resources */ = {isa = PBXBuildFile; fileRef = 01260EF51DD5E8F300E668E6 /* tofull@2x.png */; };
		01260F001DD5E8F300E668E6 /* tofull@3x.png in Resources */ = {isa = PBXBuildFile; fileRef = 01260EF61DD5E8F300E668E6 /* tofull@3x.png */; };
		012630391DEBCA9B0029C567 /* XRBaseInteractionAnimator.swift in Sources */ = {isa = PBXBuildFile; fileRef = 012630381DEBCA9B0029C567 /* XRBaseInteractionAnimator.swift */; };
		0126303B1DEBCAED0029C567 /* XRBaseTransitionAnimator.swift in Sources */ = {isa = PBXBuildFile; fileRef = 0126303A1DEBCAED0029C567 /* XRBaseTransitionAnimator.swift */; };
		0126303D1DEBD03E0029C567 /* XRSunkenTransitionAnimator.swift in Sources */ = {isa = PBXBuildFile; fileRef = 0126303C1DEBD03E0029C567 /* XRSunkenTransitionAnimator.swift */; };
		0126303F1DEC46540029C567 /* BaseViewController.swift in Sources */ = {isa = PBXBuildFile; fileRef = 0126303E1DEC46540029C567 /* BaseViewController.swift */; };
		012630411DEC4E250029C567 /* XRHorizontalSwipeInteractionAnimator.swift in Sources */ = {isa = PBXBuildFile; fileRef = 012630401DEC4E250029C567 /* XRHorizontalSwipeInteractionAnimator.swift */; };
		013E53211CD06908009CA523 /* VideoListCell.swift in Sources */ = {isa = PBXBuildFile; fileRef = 013E53201CD06908009CA523 /* VideoListCell.swift */; };
		013E535D1CD0B0AC009CA523 /* AsyncImageCache.swift in Sources */ = {isa = PBXBuildFile; fileRef = 013E535A1CD0B0AC009CA523 /* AsyncImageCache.swift */; };
		013E535E1CD0B0AC009CA523 /* AsyncImageDownloader.swift in Sources */ = {isa = PBXBuildFile; fileRef = 013E535B1CD0B0AC009CA523 /* AsyncImageDownloader.swift */; };
		013E535F1CD0B0AC009CA523 /* UIImageView+AsyncImageCache.swift in Sources */ = {isa = PBXBuildFile; fileRef = 013E535C1CD0B0AC009CA523 /* UIImageView+AsyncImageCache.swift */; };
		014501EE1DE3F17400EB3CDD /* UIAlertController+Extensions.swift in Sources */ = {isa = PBXBuildFile; fileRef = 014501ED1DE3F17400EB3CDD /* UIAlertController+Extensions.swift */; };
		014FD22C1DD9E22E007CB9F3 /* XRProgressView.swift in Sources */ = {isa = PBXBuildFile; fileRef = 014FD22B1DD9E22E007CB9F3 /* XRProgressView.swift */; };
		015333FB1DE3174700AC5C73 /* XRFileDownloadModel.swift in Sources */ = {isa = PBXBuildFile; fileRef = 015333FA1DE3174700AC5C73 /* XRFileDownloadModel.swift */; };
		015867731CD1EB04007DDFFB /* UINavigationController+Extension.swift in Sources */ = {isa = PBXBuildFile; fileRef = 015867721CD1EB04007DDFFB /* UINavigationController+Extension.swift */; };
		018297CF1DDEE75E001809EA /* XRFileDownloader.swift in Sources */ = {isa = PBXBuildFile; fileRef = 018297CE1DDEE75E001809EA /* XRFileDownloader.swift */; };
		018297D11DDEE793001809EA /* BaseTabBarController.swift in Sources */ = {isa = PBXBuildFile; fileRef = 018297D01DDEE793001809EA /* BaseTabBarController.swift */; };
		018297D31DDEE7AD001809EA /* BaseNavigationController.swift in Sources */ = {isa = PBXBuildFile; fileRef = 018297D21DDEE7AD001809EA /* BaseNavigationController.swift */; };
		018297D61DDEE815001809EA /* UIViewController+Extension.swift in Sources */ = {isa = PBXBuildFile; fileRef = 018297D51DDEE815001809EA /* UIViewController+Extension.swift */; };
		018297D81DDEE99B001809EA /* UITabBarController+Extension.swift in Sources */ = {isa = PBXBuildFile; fileRef = 018297D71DDEE99B001809EA /* UITabBarController+Extension.swift */; };
		0192C7741DE2C3D5006C49CE /* download@2x.png in Resources */ = {isa = PBXBuildFile; fileRef = 0192C7701DE2C3D5006C49CE /* download@2x.png */; };
		0192C7751DE2C3D5006C49CE /* download@3x.png in Resources */ = {isa = PBXBuildFile; fileRef = 0192C7711DE2C3D5006C49CE /* download@3x.png */; };
		0192C7761DE2C3D5006C49CE /* downloading@2x.png in Resources */ = {isa = PBXBuildFile; fileRef = 0192C7721DE2C3D5006C49CE /* downloading@2x.png */; };
		0192C7771DE2C3D5006C49CE /* downloading@3x.png in Resources */ = {isa = PBXBuildFile; fileRef = 0192C7731DE2C3D5006C49CE /* downloading@3x.png */; };
		0192C77B1DE2F659006C49CE /* DownloadViewController.swift in Sources */ = {isa = PBXBuildFile; fileRef = 0192C77A1DE2F659006C49CE /* DownloadViewController.swift */; };
		01BD7AFE1CCF3E1600BE6587 /* VideoPlayLIstViewController.swift in Sources */ = {isa = PBXBuildFile; fileRef = 01BD7AFD1CCF3E1600BE6587 /* VideoPlayLIstViewController.swift */; };
		01C1281E1DDDCB2000224132 /* SwiftyJSON.framework in Embed Frameworks */ = {isa = PBXBuildFile; fileRef = 01C1281B1DDDCB0E00224132 /* SwiftyJSON.framework */; settings = {ATTRIBUTES = (CodeSignOnCopy, RemoveHeadersOnCopy, ); }; };
		01C128201DDDCB2000224132 /* Alamofire.framework in Embed Frameworks */ = {isa = PBXBuildFile; fileRef = 01E037DB1DDD580A00013B69 /* Alamofire.framework */; settings = {ATTRIBUTES = (CodeSignOnCopy, RemoveHeadersOnCopy, ); }; };
		01C128221DDDCB2000224132 /* ObjectMapper.framework in Embed Frameworks */ = {isa = PBXBuildFile; fileRef = 01E037DC1DDD580A00013B69 /* ObjectMapper.framework */; settings = {ATTRIBUTES = (CodeSignOnCopy, RemoveHeadersOnCopy, ); }; };
		01C128241DDDCB2000224132 /* SnapKit.framework in Embed Frameworks */ = {isa = PBXBuildFile; fileRef = 01E037DD1DDD580A00013B69 /* SnapKit.framework */; settings = {ATTRIBUTES = (CodeSignOnCopy, RemoveHeadersOnCopy, ); }; };
		01C23B3D1CD05FED00AF2B91 /* VideoListModel.swift in Sources */ = {isa = PBXBuildFile; fileRef = 01C23B3C1CD05FED00AF2B91 /* VideoListModel.swift */; };
		01C2A97F1CCE165E001342D4 /* player-progress-point-h@2x.png in Resources */ = {isa = PBXBuildFile; fileRef = 01C2A97D1CCE165E001342D4 /* player-progress-point-h@2x.png */; };
		01C2A9801CCE165E001342D4 /* player-progress-point-h@3x.png in Resources */ = {isa = PBXBuildFile; fileRef = 01C2A97E1CCE165E001342D4 /* player-progress-point-h@3x.png */; };
		01C2A9861CCE166E001342D4 /* player_loadin_1@2x.png in Resources */ = {isa = PBXBuildFile; fileRef = 01C2A9811CCE166E001342D4 /* player_loadin_1@2x.png */; };
		01C2A9871CCE166E001342D4 /* player_loadin_2@2x.png in Resources */ = {isa = PBXBuildFile; fileRef = 01C2A9821CCE166E001342D4 /* player_loadin_2@2x.png */; };
		01C2A9881CCE166E001342D4 /* player_loadin_3@2x.png in Resources */ = {isa = PBXBuildFile; fileRef = 01C2A9831CCE166E001342D4 /* player_loadin_3@2x.png */; };
		01C2A9891CCE166E001342D4 /* player_loadin_4@2x.png in Resources */ = {isa = PBXBuildFile; fileRef = 01C2A9841CCE166E001342D4 /* player_loadin_4@2x.png */; };
		01C2A98A1CCE166E001342D4 /* player_loadin_5@2x.png in Resources */ = {isa = PBXBuildFile; fileRef = 01C2A9851CCE166E001342D4 /* player_loadin_5@2x.png */; };
		01CDA4281CD1F97200A2449C /* UIColor+Extension.swift in Sources */ = {isa = PBXBuildFile; fileRef = 01CDA4271CD1F97200A2449C /* UIColor+Extension.swift */; };
		01CDD4141CD3791E00E20405 /* XRVideoNavigationView.swift in Sources */ = {isa = PBXBuildFile; fileRef = 01CDD4131CD3791E00E20405 /* XRVideoNavigationView.swift */; };
		01CDD4321CD3805200E20405 /* Assets.xcassets in Resources */ = {isa = PBXBuildFile; fileRef = 01CDD4311CD3805200E20405 /* Assets.xcassets */; };
		01DD69871CD1BFCB006B8607 /* XRRequest.swift in Sources */ = {isa = PBXBuildFile; fileRef = 01DD69851CD1BFCB006B8607 /* XRRequest.swift */; };
		01DD698C1CD1C081006B8607 /* XRActivityInditor.swift in Sources */ = {isa = PBXBuildFile; fileRef = 01DD69891CD1C081006B8607 /* XRActivityInditor.swift */; };
		01DD698D1CD1C081006B8607 /* XRVideoPlayer.swift in Sources */ = {isa = PBXBuildFile; fileRef = 01DD698A1CD1C081006B8607 /* XRVideoPlayer.swift */; };
		01DD698E1CD1C081006B8607 /* XRVideoToolBottomView.swift in Sources */ = {isa = PBXBuildFile; fileRef = 01DD698B1CD1C081006B8607 /* XRVideoToolBottomView.swift */; };
		01E254DC1CCA288A004D7FA2 /* AppDelegate.swift in Sources */ = {isa = PBXBuildFile; fileRef = 01E254DB1CCA288A004D7FA2 /* AppDelegate.swift */; };
		01E254DE1CCA288A004D7FA2 /* ViewController.swift in Sources */ = {isa = PBXBuildFile; fileRef = 01E254DD1CCA288A004D7FA2 /* ViewController.swift */; };
		01E254E11CCA288A004D7FA2 /* Main.storyboard in Resources */ = {isa = PBXBuildFile; fileRef = 01E254DF1CCA288A004D7FA2 /* Main.storyboard */; };
		01E254E61CCA288A004D7FA2 /* LaunchScreen.storyboard in Resources */ = {isa = PBXBuildFile; fileRef = 01E254E41CCA288A004D7FA2 /* LaunchScreen.storyboard */; };
		01E254F11CCA288B004D7FA2 /* XRVideoPlayer_masterTests.swift in Sources */ = {isa = PBXBuildFile; fileRef = 01E254F01CCA288B004D7FA2 /* XRVideoPlayer_masterTests.swift */; };
		01E254FC1CCA288B004D7FA2 /* XRVideoPlayer_masterUITests.swift in Sources */ = {isa = PBXBuildFile; fileRef = 01E254FB1CCA288B004D7FA2 /* XRVideoPlayer_masterUITests.swift */; };
		01E255141CCA404B004D7FA2 /* VideoPlayViewController.swift in Sources */ = {isa = PBXBuildFile; fileRef = 01E255131CCA404B004D7FA2 /* VideoPlayViewController.swift */; };
		01E900501D702D24008C0091 /* HttpStreamPlayViewController.swift in Sources */ = {isa = PBXBuildFile; fileRef = 01E9004F1D702D24008C0091 /* HttpStreamPlayViewController.swift */; };
/* End PBXBuildFile section */

/* Begin PBXContainerItemProxy section */
		01E254ED1CCA288B004D7FA2 /* PBXContainerItemProxy */ = {
			isa = PBXContainerItemProxy;
			containerPortal = 01E254D01CCA288A004D7FA2 /* Project object */;
			proxyType = 1;
			remoteGlobalIDString = 01E254D71CCA288A004D7FA2;
			remoteInfo = "XRVideoPlayer-master";
		};
		01E254F81CCA288B004D7FA2 /* PBXContainerItemProxy */ = {
			isa = PBXContainerItemProxy;
			containerPortal = 01E254D01CCA288A004D7FA2 /* Project object */;
			proxyType = 1;
			remoteGlobalIDString = 01E254D71CCA288A004D7FA2;
			remoteInfo = "XRVideoPlayer-master";
		};
/* End PBXContainerItemProxy section */

/* Begin PBXCopyFilesBuildPhase section */
		01C128251DDDCB2000224132 /* Embed Frameworks */ = {
			isa = PBXCopyFilesBuildPhase;
			buildActionMask = 2147483647;
			dstPath = "";
			dstSubfolderSpec = 10;
			files = (
				01C128221DDDCB2000224132 /* ObjectMapper.framework in Embed Frameworks */,
				01C1281E1DDDCB2000224132 /* SwiftyJSON.framework in Embed Frameworks */,
				01C128201DDDCB2000224132 /* Alamofire.framework in Embed Frameworks */,
				01C128241DDDCB2000224132 /* SnapKit.framework in Embed Frameworks */,
			);
			name = "Embed Frameworks";
			runOnlyForDeploymentPostprocessing = 0;
		};
/* End PBXCopyFilesBuildPhase section */

/* Begin PBXFileReference section */
		0105C2F11CCB680000F268E0 /* RegulationBrightness.swift */ = {isa = PBXFileReference; fileEncoding = 4; lastKnownFileType = sourcecode.swift; path = RegulationBrightness.swift; sourceTree = "<group>"; };
		01260E831DD5A94E00E668E6 /* DGActivityIndicatorAnimation.h */ = {isa = PBXFileReference; fileEncoding = 4; lastKnownFileType = sourcecode.c.h; path = DGActivityIndicatorAnimation.h; sourceTree = "<group>"; };
		01260E841DD5A94E00E668E6 /* DGActivityIndicatorAnimation.m */ = {isa = PBXFileReference; fileEncoding = 4; lastKnownFileType = sourcecode.c.objc; path = DGActivityIndicatorAnimation.m; sourceTree = "<group>"; };
		01260E851DD5A94E00E668E6 /* DGActivityIndicatorBallBeatAnimation.h */ = {isa = PBXFileReference; fileEncoding = 4; lastKnownFileType = sourcecode.c.h; path = DGActivityIndicatorBallBeatAnimation.h; sourceTree = "<group>"; };
		01260E861DD5A94E00E668E6 /* DGActivityIndicatorBallBeatAnimation.m */ = {isa = PBXFileReference; fileEncoding = 4; lastKnownFileType = sourcecode.c.objc; path = DGActivityIndicatorBallBeatAnimation.m; sourceTree = "<group>"; };
		01260E871DD5A94E00E668E6 /* DGActivityIndicatorBallClipRotateAnimation.h */ = {isa = PBXFileReference; fileEncoding = 4; lastKnownFileType = sourcecode.c.h; path = DGActivityIndicatorBallClipRotateAnimation.h; sourceTree = "<group>"; };
		01260E881DD5A94E00E668E6 /* DGActivityIndicatorBallClipRotateAnimation.m */ = {isa = PBXFileReference; fileEncoding = 4; lastKnownFileType = sourcecode.c.objc; path = DGActivityIndicatorBallClipRotateAnimation.m; sourceTree = "<group>"; };
		01260E891DD5A94E00E668E6 /* DGActivityIndicatorBallClipRotateMultipleAnimation.h */ = {isa = PBXFileReference; fileEncoding = 4; lastKnownFileType = sourcecode.c.h; path = DGActivityIndicatorBallClipRotateMultipleAnimation.h; sourceTree = "<group>"; };
		01260E8A1DD5A94E00E668E6 /* DGActivityIndicatorBallClipRotateMultipleAnimation.m */ = {isa = PBXFileReference; fileEncoding = 4; lastKnownFileType = sourcecode.c.objc; path = DGActivityIndicatorBallClipRotateMultipleAnimation.m; sourceTree = "<group>"; };
		01260E8B1DD5A94E00E668E6 /* DGActivityIndicatorBallClipRotatePulseAnimation.h */ = {isa = PBXFileReference; fileEncoding = 4; lastKnownFileType = sourcecode.c.h; path = DGActivityIndicatorBallClipRotatePulseAnimation.h; sourceTree = "<group>"; };
		01260E8C1DD5A94E00E668E6 /* DGActivityIndicatorBallClipRotatePulseAnimation.m */ = {isa = PBXFileReference; fileEncoding = 4; lastKnownFileType = sourcecode.c.objc; path = DGActivityIndicatorBallClipRotatePulseAnimation.m; sourceTree = "<group>"; };
		01260E8D1DD5A94E00E668E6 /* DGActivityIndicatorBallGridBeatAnimation.h */ = {isa = PBXFileReference; fileEncoding = 4; lastKnownFileType = sourcecode.c.h; path = DGActivityIndicatorBallGridBeatAnimation.h; sourceTree = "<group>"; };
		01260E8E1DD5A94E00E668E6 /* DGActivityIndicatorBallGridBeatAnimation.m */ = {isa = PBXFileReference; fileEncoding = 4; lastKnownFileType = sourcecode.c.objc; path = DGActivityIndicatorBallGridBeatAnimation.m; sourceTree = "<group>"; };
		01260E8F1DD5A94E00E668E6 /* DGActivityIndicatorBallGridPulseAnimation.h */ = {isa = PBXFileReference; fileEncoding = 4; lastKnownFileType = sourcecode.c.h; path = DGActivityIndicatorBallGridPulseAnimation.h; sourceTree = "<group>"; };
		01260E901DD5A94E00E668E6 /* DGActivityIndicatorBallGridPulseAnimation.m */ = {isa = PBXFileReference; fileEncoding = 4; lastKnownFileType = sourcecode.c.objc; path = DGActivityIndicatorBallGridPulseAnimation.m; sourceTree = "<group>"; };
		01260E911DD5A94E00E668E6 /* DGActivityIndicatorBallPulseAnimation.h */ = {isa = PBXFileReference; fileEncoding = 4; lastKnownFileType = sourcecode.c.h; path = DGActivityIndicatorBallPulseAnimation.h; sourceTree = "<group>"; };
		01260E921DD5A94E00E668E6 /* DGActivityIndicatorBallPulseAnimation.m */ = {isa = PBXFileReference; fileEncoding = 4; lastKnownFileType = sourcecode.c.objc; path = DGActivityIndicatorBallPulseAnimation.m; sourceTree = "<group>"; };
		01260E931DD5A94E00E668E6 /* DGActivityIndicatorBallPulseSyncAnimation.h */ = {isa = PBXFileReference; fileEncoding = 4; lastKnownFileType = sourcecode.c.h; path = DGActivityIndicatorBallPulseSyncAnimation.h; sourceTree = "<group>"; };
		01260E941DD5A94E00E668E6 /* DGActivityIndicatorBallPulseSyncAnimation.m */ = {isa = PBXFileReference; fileEncoding = 4; lastKnownFileType = sourcecode.c.objc; path = DGActivityIndicatorBallPulseSyncAnimation.m; sourceTree = "<group>"; };
		01260E951DD5A94E00E668E6 /* DGActivityIndicatorBallRotateAnimation.h */ = {isa = PBXFileReference; fileEncoding = 4; lastKnownFileType = sourcecode.c.h; path = DGActivityIndicatorBallRotateAnimation.h; sourceTree = "<group>"; };
		01260E961DD5A94E00E668E6 /* DGActivityIndicatorBallRotateAnimation.m */ = {isa = PBXFileReference; fileEncoding = 4; lastKnownFileType = sourcecode.c.objc; path = DGActivityIndicatorBallRotateAnimation.m; sourceTree = "<group>"; };
		01260E971DD5A94E00E668E6 /* DGActivityIndicatorBallScaleAnimation.h */ = {isa = PBXFileReference; fileEncoding = 4; lastKnownFileType = sourcecode.c.h; path = DGActivityIndicatorBallScaleAnimation.h; sourceTree = "<group>"; };
		01260E981DD5A94E00E668E6 /* DGActivityIndicatorBallScaleAnimation.m */ = {isa = PBXFileReference; fileEncoding = 4; lastKnownFileType = sourcecode.c.objc; path = DGActivityIndicatorBallScaleAnimation.m; sourceTree = "<group>"; };
		01260E991DD5A94E00E668E6 /* DGActivityIndicatorBallScaleMultipleAnimation.h */ = {isa = PBXFileReference; fileEncoding = 4; lastKnownFileType = sourcecode.c.h; path = DGActivityIndicatorBallScaleMultipleAnimation.h; sourceTree = "<group>"; };
		01260E9A1DD5A94E00E668E6 /* DGActivityIndicatorBallScaleMultipleAnimation.m */ = {isa = PBXFileReference; fileEncoding = 4; lastKnownFileType = sourcecode.c.objc; path = DGActivityIndicatorBallScaleMultipleAnimation.m; sourceTree = "<group>"; };
		01260E9B1DD5A94E00E668E6 /* DGActivityIndicatorBallScaleRippleAnimation.h */ = {isa = PBXFileReference; fileEncoding = 4; lastKnownFileType = sourcecode.c.h; path = DGActivityIndicatorBallScaleRippleAnimation.h; sourceTree = "<group>"; };
		01260E9C1DD5A94E00E668E6 /* DGActivityIndicatorBallScaleRippleAnimation.m */ = {isa = PBXFileReference; fileEncoding = 4; lastKnownFileType = sourcecode.c.objc; path = DGActivityIndicatorBallScaleRippleAnimation.m; sourceTree = "<group>"; };
		01260E9D1DD5A94E00E668E6 /* DGActivityIndicatorBallScaleRippleMultipleAnimation.h */ = {isa = PBXFileReference; fileEncoding = 4; lastKnownFileType = sourcecode.c.h; path = DGActivityIndicatorBallScaleRippleMultipleAnimation.h; sourceTree = "<group>"; };
		01260E9E1DD5A94E00E668E6 /* DGActivityIndicatorBallScaleRippleMultipleAnimation.m */ = {isa = PBXFileReference; fileEncoding = 4; lastKnownFileType = sourcecode.c.objc; path = DGActivityIndicatorBallScaleRippleMultipleAnimation.m; sourceTree = "<group>"; };
		01260E9F1DD5A94E00E668E6 /* DGActivityIndicatorBallSpinFadeLoader.h */ = {isa = PBXFileReference; fileEncoding = 4; lastKnownFileType = sourcecode.c.h; path = DGActivityIndicatorBallSpinFadeLoader.h; sourceTree = "<group>"; };
		01260EA01DD5A94E00E668E6 /* DGActivityIndicatorBallSpinFadeLoader.m */ = {isa = PBXFileReference; fileEncoding = 4; lastKnownFileType = sourcecode.c.objc; path = DGActivityIndicatorBallSpinFadeLoader.m; sourceTree = "<group>"; };
		01260EA11DD5A94E00E668E6 /* DGActivityIndicatorBallTrianglePathAnimation.h */ = {isa = PBXFileReference; fileEncoding = 4; lastKnownFileType = sourcecode.c.h; path = DGActivityIndicatorBallTrianglePathAnimation.h; sourceTree = "<group>"; };
		01260EA21DD5A94E00E668E6 /* DGActivityIndicatorBallTrianglePathAnimation.m */ = {isa = PBXFileReference; fileEncoding = 4; lastKnownFileType = sourcecode.c.objc; path = DGActivityIndicatorBallTrianglePathAnimation.m; sourceTree = "<group>"; };
		01260EA31DD5A94E00E668E6 /* DGActivityIndicatorBallZigZagAnimation.h */ = {isa = PBXFileReference; fileEncoding = 4; lastKnownFileType = sourcecode.c.h; path = DGActivityIndicatorBallZigZagAnimation.h; sourceTree = "<group>"; };
		01260EA41DD5A94E00E668E6 /* DGActivityIndicatorBallZigZagAnimation.m */ = {isa = PBXFileReference; fileEncoding = 4; lastKnownFileType = sourcecode.c.objc; path = DGActivityIndicatorBallZigZagAnimation.m; sourceTree = "<group>"; };
		01260EA51DD5A94E00E668E6 /* DGActivityIndicatorBallZigZagDeflectAnimation.h */ = {isa = PBXFileReference; fileEncoding = 4; lastKnownFileType = sourcecode.c.h; path = DGActivityIndicatorBallZigZagDeflectAnimation.h; sourceTree = "<group>"; };
		01260EA61DD5A94E00E668E6 /* DGActivityIndicatorBallZigZagDeflectAnimation.m */ = {isa = PBXFileReference; fileEncoding = 4; lastKnownFileType = sourcecode.c.objc; path = DGActivityIndicatorBallZigZagDeflectAnimation.m; sourceTree = "<group>"; };
		01260EA71DD5A94E00E668E6 /* DGActivityIndicatorCookieTerminatorAnimation.h */ = {isa = PBXFileReference; fileEncoding = 4; lastKnownFileType = sourcecode.c.h; path = DGActivityIndicatorCookieTerminatorAnimation.h; sourceTree = "<group>"; };
		01260EA81DD5A94E00E668E6 /* DGActivityIndicatorCookieTerminatorAnimation.m */ = {isa = PBXFileReference; fileEncoding = 4; lastKnownFileType = sourcecode.c.objc; path = DGActivityIndicatorCookieTerminatorAnimation.m; sourceTree = "<group>"; };
		01260EA91DD5A94E00E668E6 /* DGActivityIndicatorDoubleBounceAnimation.h */ = {isa = PBXFileReference; fileEncoding = 4; lastKnownFileType = sourcecode.c.h; path = DGActivityIndicatorDoubleBounceAnimation.h; sourceTree = "<group>"; };
		01260EAA1DD5A94E00E668E6 /* DGActivityIndicatorDoubleBounceAnimation.m */ = {isa = PBXFileReference; fileEncoding = 4; lastKnownFileType = sourcecode.c.objc; path = DGActivityIndicatorDoubleBounceAnimation.m; sourceTree = "<group>"; };
		01260EAB1DD5A94E00E668E6 /* DGActivityIndicatorFiveDotsAnimation.h */ = {isa = PBXFileReference; fileEncoding = 4; lastKnownFileType = sourcecode.c.h; path = DGActivityIndicatorFiveDotsAnimation.h; sourceTree = "<group>"; };
		01260EAC1DD5A94E00E668E6 /* DGActivityIndicatorFiveDotsAnimation.m */ = {isa = PBXFileReference; fileEncoding = 4; lastKnownFileType = sourcecode.c.objc; path = DGActivityIndicatorFiveDotsAnimation.m; sourceTree = "<group>"; };
		01260EAD1DD5A94E00E668E6 /* DGActivityIndicatorLineScaleAnimation.h */ = {isa = PBXFileReference; fileEncoding = 4; lastKnownFileType = sourcecode.c.h; path = DGActivityIndicatorLineScaleAnimation.h; sourceTree = "<group>"; };
		01260EAE1DD5A94E00E668E6 /* DGActivityIndicatorLineScaleAnimation.m */ = {isa = PBXFileReference; fileEncoding = 4; lastKnownFileType = sourcecode.c.objc; path = DGActivityIndicatorLineScaleAnimation.m; sourceTree = "<group>"; };
		01260EAF1DD5A94E00E668E6 /* DGActivityIndicatorLineScalePartyAnimation.h */ = {isa = PBXFileReference; fileEncoding = 4; lastKnownFileType = sourcecode.c.h; path = DGActivityIndicatorLineScalePartyAnimation.h; sourceTree = "<group>"; };
		01260EB01DD5A94E00E668E6 /* DGActivityIndicatorLineScalePartyAnimation.m */ = {isa = PBXFileReference; fileEncoding = 4; lastKnownFileType = sourcecode.c.objc; path = DGActivityIndicatorLineScalePartyAnimation.m; sourceTree = "<group>"; };
		01260EB11DD5A94E00E668E6 /* DGActivityIndicatorLineScalePulseOutAnimation.h */ = {isa = PBXFileReference; fileEncoding = 4; lastKnownFileType = sourcecode.c.h; path = DGActivityIndicatorLineScalePulseOutAnimation.h; sourceTree = "<group>"; };
		01260EB21DD5A94E00E668E6 /* DGActivityIndicatorLineScalePulseOutAnimation.m */ = {isa = PBXFileReference; fileEncoding = 4; lastKnownFileType = sourcecode.c.objc; path = DGActivityIndicatorLineScalePulseOutAnimation.m; sourceTree = "<group>"; };
		01260EB31DD5A94E00E668E6 /* DGActivityIndicatorLineScalePulseOutRapidAnimation.h */ = {isa = PBXFileReference; fileEncoding = 4; lastKnownFileType = sourcecode.c.h; path = DGActivityIndicatorLineScalePulseOutRapidAnimation.h; sourceTree = "<group>"; };
		01260EB41DD5A94E00E668E6 /* DGActivityIndicatorLineScalePulseOutRapidAnimation.m */ = {isa = PBXFileReference; fileEncoding = 4; lastKnownFileType = sourcecode.c.objc; path = DGActivityIndicatorLineScalePulseOutRapidAnimation.m; sourceTree = "<group>"; };
		01260EB51DD5A94E00E668E6 /* DGActivityIndicatorNineDotsAnimation.h */ = {isa = PBXFileReference; fileEncoding = 4; lastKnownFileType = sourcecode.c.h; path = DGActivityIndicatorNineDotsAnimation.h; sourceTree = "<group>"; };
		01260EB61DD5A94E00E668E6 /* DGActivityIndicatorNineDotsAnimation.m */ = {isa = PBXFileReference; fileEncoding = 4; lastKnownFileType = sourcecode.c.objc; path = DGActivityIndicatorNineDotsAnimation.m; sourceTree = "<group>"; };
		01260EB71DD5A94E00E668E6 /* DGActivityIndicatorRotatingSandglassAnimation.h */ = {isa = PBXFileReference; fileEncoding = 4; lastKnownFileType = sourcecode.c.h; path = DGActivityIndicatorRotatingSandglassAnimation.h; sourceTree = "<group>"; };
		01260EB81DD5A94E00E668E6 /* DGActivityIndicatorRotatingSandglassAnimation.m */ = {isa = PBXFileReference; fileEncoding = 4; lastKnownFileType = sourcecode.c.objc; path = DGActivityIndicatorRotatingSandglassAnimation.m; sourceTree = "<group>"; };
		01260EB91DD5A94E00E668E6 /* DGActivityIndicatorRotatingSquaresAnimation.h */ = {isa = PBXFileReference; fileEncoding = 4; lastKnownFileType = sourcecode.c.h; path = DGActivityIndicatorRotatingSquaresAnimation.h; sourceTree = "<group>"; };
		01260EBA1DD5A94E00E668E6 /* DGActivityIndicatorRotatingSquaresAnimation.m */ = {isa = PBXFileReference; fileEncoding = 4; lastKnownFileType = sourcecode.c.objc; path = DGActivityIndicatorRotatingSquaresAnimation.m; sourceTree = "<group>"; };
		01260EBB1DD5A94E00E668E6 /* DGActivityIndicatorRotatingTrigonAnimation.h */ = {isa = PBXFileReference; fileEncoding = 4; lastKnownFileType = sourcecode.c.h; path = DGActivityIndicatorRotatingTrigonAnimation.h; sourceTree = "<group>"; };
		01260EBC1DD5A94E00E668E6 /* DGActivityIndicatorRotatingTrigonAnimation.m */ = {isa = PBXFileReference; fileEncoding = 4; lastKnownFileType = sourcecode.c.objc; path = DGActivityIndicatorRotatingTrigonAnimation.m; sourceTree = "<group>"; };
		01260EBD1DD5A94E00E668E6 /* DGActivityIndicatorThreeDotsAnimation.h */ = {isa = PBXFileReference; fileEncoding = 4; lastKnownFileType = sourcecode.c.h; path = DGActivityIndicatorThreeDotsAnimation.h; sourceTree = "<group>"; };
		01260EBE1DD5A94E00E668E6 /* DGActivityIndicatorThreeDotsAnimation.m */ = {isa = PBXFileReference; fileEncoding = 4; lastKnownFileType = sourcecode.c.objc; path = DGActivityIndicatorThreeDotsAnimation.m; sourceTree = "<group>"; };
		01260EBF1DD5A94E00E668E6 /* DGActivityIndicatorTriangleSkewSpinAnimation.h */ = {isa = PBXFileReference; fileEncoding = 4; lastKnownFileType = sourcecode.c.h; path = DGActivityIndicatorTriangleSkewSpinAnimation.h; sourceTree = "<group>"; };
		01260EC01DD5A94E00E668E6 /* DGActivityIndicatorTriangleSkewSpinAnimation.m */ = {isa = PBXFileReference; fileEncoding = 4; lastKnownFileType = sourcecode.c.objc; path = DGActivityIndicatorTriangleSkewSpinAnimation.m; sourceTree = "<group>"; };
		01260EC11DD5A94E00E668E6 /* DGActivityIndicatorTriplePulseAnimation.h */ = {isa = PBXFileReference; fileEncoding = 4; lastKnownFileType = sourcecode.c.h; path = DGActivityIndicatorTriplePulseAnimation.h; sourceTree = "<group>"; };
		01260EC21DD5A94E00E668E6 /* DGActivityIndicatorTriplePulseAnimation.m */ = {isa = PBXFileReference; fileEncoding = 4; lastKnownFileType = sourcecode.c.objc; path = DGActivityIndicatorTriplePulseAnimation.m; sourceTree = "<group>"; };
		01260EC31DD5A94E00E668E6 /* DGActivityIndicatorTripleRingsAnimation.h */ = {isa = PBXFileReference; fileEncoding = 4; lastKnownFileType = sourcecode.c.h; path = DGActivityIndicatorTripleRingsAnimation.h; sourceTree = "<group>"; };
		01260EC41DD5A94E00E668E6 /* DGActivityIndicatorTripleRingsAnimation.m */ = {isa = PBXFileReference; fileEncoding = 4; lastKnownFileType = sourcecode.c.objc; path = DGActivityIndicatorTripleRingsAnimation.m; sourceTree = "<group>"; };
		01260EC51DD5A94E00E668E6 /* DGActivityIndicatorTwoDotsAnimation.h */ = {isa = PBXFileReference; fileEncoding = 4; lastKnownFileType = sourcecode.c.h; path = DGActivityIndicatorTwoDotsAnimation.h; sourceTree = "<group>"; };
		01260EC61DD5A94E00E668E6 /* DGActivityIndicatorTwoDotsAnimation.m */ = {isa = PBXFileReference; fileEncoding = 4; lastKnownFileType = sourcecode.c.objc; path = DGActivityIndicatorTwoDotsAnimation.m; sourceTree = "<group>"; };
		01260EC71DD5A94E00E668E6 /* DGActivityIndicatorAnimationProtocol.h */ = {isa = PBXFileReference; fileEncoding = 4; lastKnownFileType = sourcecode.c.h; path = DGActivityIndicatorAnimationProtocol.h; sourceTree = "<group>"; };
		01260EC81DD5A94E00E668E6 /* DGActivityIndicatorView.h */ = {isa = PBXFileReference; fileEncoding = 4; lastKnownFileType = sourcecode.c.h; path = DGActivityIndicatorView.h; sourceTree = "<group>"; };
		01260EC91DD5A94E00E668E6 /* DGActivityIndicatorView.m */ = {isa = PBXFileReference; fileEncoding = 4; lastKnownFileType = sourcecode.c.objc; path = DGActivityIndicatorView.m; sourceTree = "<group>"; };
		01260EED1DD5E8F300E668E6 /* back@2x.png */ = {isa = PBXFileReference; lastKnownFileType = image.png; path = "back@2x.png"; sourceTree = "<group>"; };
		01260EEE1DD5E8F300E668E6 /* back@3x.png */ = {isa = PBXFileReference; lastKnownFileType = image.png; path = "back@3x.png"; sourceTree = "<group>"; };
		01260EEF1DD5E8F300E668E6 /* closefull@2x.png */ = {isa = PBXFileReference; lastKnownFileType = image.png; path = "closefull@2x.png"; sourceTree = "<group>"; };
		01260EF01DD5E8F300E668E6 /* closefull@3x.png */ = {isa = PBXFileReference; lastKnownFileType = image.png; path = "closefull@3x.png"; sourceTree = "<group>"; };
		01260EF11DD5E8F300E668E6 /* pause@2x.png */ = {isa = PBXFileReference; lastKnownFileType = image.png; path = "pause@2x.png"; sourceTree = "<group>"; };
		01260EF21DD5E8F300E668E6 /* pause@3x.png */ = {isa = PBXFileReference; lastKnownFileType = image.png; path = "pause@3x.png"; sourceTree = "<group>"; };
		01260EF31DD5E8F300E668E6 /* play@2x.png */ = {isa = PBXFileReference; lastKnownFileType = image.png; path = "play@2x.png"; sourceTree = "<group>"; };
		01260EF41DD5E8F300E668E6 /* play@3x.png */ = {isa = PBXFileReference; lastKnownFileType = image.png; path = "play@3x.png"; sourceTree = "<group>"; };
		01260EF51DD5E8F300E668E6 /* tofull@2x.png */ = {isa = PBXFileReference; lastKnownFileType = image.png; path = "tofull@2x.png"; sourceTree = "<group>"; };
		01260EF61DD5E8F300E668E6 /* tofull@3x.png */ = {isa = PBXFileReference; lastKnownFileType = image.png; path = "tofull@3x.png"; sourceTree = "<group>"; };
		012630381DEBCA9B0029C567 /* XRBaseInteractionAnimator.swift */ = {isa = PBXFileReference; fileEncoding = 4; lastKnownFileType = sourcecode.swift; path = XRBaseInteractionAnimator.swift; sourceTree = "<group>"; };
		0126303A1DEBCAED0029C567 /* XRBaseTransitionAnimator.swift */ = {isa = PBXFileReference; fileEncoding = 4; lastKnownFileType = sourcecode.swift; path = XRBaseTransitionAnimator.swift; sourceTree = "<group>"; };
		0126303C1DEBD03E0029C567 /* XRSunkenTransitionAnimator.swift */ = {isa = PBXFileReference; fileEncoding = 4; lastKnownFileType = sourcecode.swift; path = XRSunkenTransitionAnimator.swift; sourceTree = "<group>"; };
		0126303E1DEC46540029C567 /* BaseViewController.swift */ = {isa = PBXFileReference; fileEncoding = 4; lastKnownFileType = sourcecode.swift; path = BaseViewController.swift; sourceTree = "<group>"; };
		012630401DEC4E250029C567 /* XRHorizontalSwipeInteractionAnimator.swift */ = {isa = PBXFileReference; fileEncoding = 4; lastKnownFileType = sourcecode.swift; path = XRHorizontalSwipeInteractionAnimator.swift; sourceTree = "<group>"; };
		013E53201CD06908009CA523 /* VideoListCell.swift */ = {isa = PBXFileReference; fileEncoding = 4; lastKnownFileType = sourcecode.swift; path = VideoListCell.swift; sourceTree = "<group>"; };
		013E535A1CD0B0AC009CA523 /* AsyncImageCache.swift */ = {isa = PBXFileReference; fileEncoding = 4; lastKnownFileType = sourcecode.swift; path = AsyncImageCache.swift; sourceTree = "<group>"; };
		013E535B1CD0B0AC009CA523 /* AsyncImageDownloader.swift */ = {isa = PBXFileReference; fileEncoding = 4; lastKnownFileType = sourcecode.swift; path = AsyncImageDownloader.swift; sourceTree = "<group>"; };
		013E535C1CD0B0AC009CA523 /* UIImageView+AsyncImageCache.swift */ = {isa = PBXFileReference; fileEncoding = 4; lastKnownFileType = sourcecode.swift; path = "UIImageView+AsyncImageCache.swift"; sourceTree = "<group>"; };
		014501ED1DE3F17400EB3CDD /* UIAlertController+Extensions.swift */ = {isa = PBXFileReference; fileEncoding = 4; lastKnownFileType = sourcecode.swift; path = "UIAlertController+Extensions.swift"; sourceTree = "<group>"; };
		014FD22B1DD9E22E007CB9F3 /* XRProgressView.swift */ = {isa = PBXFileReference; fileEncoding = 4; lastKnownFileType = sourcecode.swift; path = XRProgressView.swift; sourceTree = "<group>"; };
		015333FA1DE3174700AC5C73 /* XRFileDownloadModel.swift */ = {isa = PBXFileReference; fileEncoding = 4; lastKnownFileType = sourcecode.swift; path = XRFileDownloadModel.swift; sourceTree = "<group>"; };
		015867721CD1EB04007DDFFB /* UINavigationController+Extension.swift */ = {isa = PBXFileReference; fileEncoding = 4; lastKnownFileType = sourcecode.swift; name = "UINavigationController+Extension.swift"; path = "../XRVideoPlayer/UINavigationController+Extension.swift"; sourceTree = "<group>"; };
		018297CE1DDEE75E001809EA /* XRFileDownloader.swift */ = {isa = PBXFileReference; fileEncoding = 4; lastKnownFileType = sourcecode.swift; path = XRFileDownloader.swift; sourceTree = "<group>"; };
		018297D01DDEE793001809EA /* BaseTabBarController.swift */ = {isa = PBXFileReference; fileEncoding = 4; lastKnownFileType = sourcecode.swift; path = BaseTabBarController.swift; sourceTree = "<group>"; };
		018297D21DDEE7AD001809EA /* BaseNavigationController.swift */ = {isa = PBXFileReference; fileEncoding = 4; lastKnownFileType = sourcecode.swift; path = BaseNavigationController.swift; sourceTree = "<group>"; };
		018297D51DDEE815001809EA /* UIViewController+Extension.swift */ = {isa = PBXFileReference; fileEncoding = 4; lastKnownFileType = sourcecode.swift; path = "UIViewController+Extension.swift"; sourceTree = "<group>"; };
		018297D71DDEE99B001809EA /* UITabBarController+Extension.swift */ = {isa = PBXFileReference; fileEncoding = 4; lastKnownFileType = sourcecode.swift; path = "UITabBarController+Extension.swift"; sourceTree = "<group>"; };
		0192C7701DE2C3D5006C49CE /* download@2x.png */ = {isa = PBXFileReference; lastKnownFileType = image.png; path = "download@2x.png"; sourceTree = "<group>"; };
		0192C7711DE2C3D5006C49CE /* download@3x.png */ = {isa = PBXFileReference; lastKnownFileType = image.png; path = "download@3x.png"; sourceTree = "<group>"; };
		0192C7721DE2C3D5006C49CE /* downloading@2x.png */ = {isa = PBXFileReference; lastKnownFileType = image.png; path = "downloading@2x.png"; sourceTree = "<group>"; };
		0192C7731DE2C3D5006C49CE /* downloading@3x.png */ = {isa = PBXFileReference; lastKnownFileType = image.png; path = "downloading@3x.png"; sourceTree = "<group>"; };
		0192C77A1DE2F659006C49CE /* DownloadViewController.swift */ = {isa = PBXFileReference; fileEncoding = 4; lastKnownFileType = sourcecode.swift; path = DownloadViewController.swift; sourceTree = "<group>"; };
		01BD7AFD1CCF3E1600BE6587 /* VideoPlayLIstViewController.swift */ = {isa = PBXFileReference; fileEncoding = 4; lastKnownFileType = sourcecode.swift; path = VideoPlayLIstViewController.swift; sourceTree = "<group>"; };
		01BD7AFF1CCF3EDD00BE6587 /* XRVideoPlayer-master-Bridging-Header.h */ = {isa = PBXFileReference; lastKnownFileType = sourcecode.c.h; path = "XRVideoPlayer-master-Bridging-Header.h"; sourceTree = "<group>"; };
		01C1281B1DDDCB0E00224132 /* SwiftyJSON.framework */ = {isa = PBXFileReference; lastKnownFileType = wrapper.framework; path = SwiftyJSON.framework; sourceTree = "<group>"; };
		01C23B3C1CD05FED00AF2B91 /* VideoListModel.swift */ = {isa = PBXFileReference; fileEncoding = 4; lastKnownFileType = sourcecode.swift; name = VideoListModel.swift; path = "XRVideoPlayer-master/VideoListModel.swift"; sourceTree = SOURCE_ROOT; };
		01C2A97D1CCE165E001342D4 /* player-progress-point-h@2x.png */ = {isa = PBXFileReference; lastKnownFileType = image.png; path = "player-progress-point-h@2x.png"; sourceTree = "<group>"; };
		01C2A97E1CCE165E001342D4 /* player-progress-point-h@3x.png */ = {isa = PBXFileReference; lastKnownFileType = image.png; path = "player-progress-point-h@3x.png"; sourceTree = "<group>"; };
		01C2A9811CCE166E001342D4 /* player_loadin_1@2x.png */ = {isa = PBXFileReference; lastKnownFileType = image.png; path = "player_loadin_1@2x.png"; sourceTree = "<group>"; };
		01C2A9821CCE166E001342D4 /* player_loadin_2@2x.png */ = {isa = PBXFileReference; lastKnownFileType = image.png; path = "player_loadin_2@2x.png"; sourceTree = "<group>"; };
		01C2A9831CCE166E001342D4 /* player_loadin_3@2x.png */ = {isa = PBXFileReference; lastKnownFileType = image.png; path = "player_loadin_3@2x.png"; sourceTree = "<group>"; };
		01C2A9841CCE166E001342D4 /* player_loadin_4@2x.png */ = {isa = PBXFileReference; lastKnownFileType = image.png; path = "player_loadin_4@2x.png"; sourceTree = "<group>"; };
		01C2A9851CCE166E001342D4 /* player_loadin_5@2x.png */ = {isa = PBXFileReference; lastKnownFileType = image.png; path = "player_loadin_5@2x.png"; sourceTree = "<group>"; };
		01CDA4271CD1F97200A2449C /* UIColor+Extension.swift */ = {isa = PBXFileReference; fileEncoding = 4; lastKnownFileType = sourcecode.swift; path = "UIColor+Extension.swift"; sourceTree = "<group>"; };
		01CDD4131CD3791E00E20405 /* XRVideoNavigationView.swift */ = {isa = PBXFileReference; fileEncoding = 4; lastKnownFileType = sourcecode.swift; path = XRVideoNavigationView.swift; sourceTree = "<group>"; };
		01CDD4311CD3805200E20405 /* Assets.xcassets */ = {isa = PBXFileReference; lastKnownFileType = folder.assetcatalog; path = Assets.xcassets; sourceTree = "<group>"; };
		01DD69851CD1BFCB006B8607 /* XRRequest.swift */ = {isa = PBXFileReference; fileEncoding = 4; lastKnownFileType = sourcecode.swift; path = XRRequest.swift; sourceTree = "<group>"; };
		01DD69891CD1C081006B8607 /* XRActivityInditor.swift */ = {isa = PBXFileReference; fileEncoding = 4; lastKnownFileType = sourcecode.swift; path = XRActivityInditor.swift; sourceTree = "<group>"; };
		01DD698A1CD1C081006B8607 /* XRVideoPlayer.swift */ = {isa = PBXFileReference; fileEncoding = 4; lastKnownFileType = sourcecode.swift; path = XRVideoPlayer.swift; sourceTree = "<group>"; };
		01DD698B1CD1C081006B8607 /* XRVideoToolBottomView.swift */ = {isa = PBXFileReference; fileEncoding = 4; lastKnownFileType = sourcecode.swift; path = XRVideoToolBottomView.swift; sourceTree = "<group>"; };
		01E037DB1DDD580A00013B69 /* Alamofire.framework */ = {isa = PBXFileReference; lastKnownFileType = wrapper.framework; path = Alamofire.framework; sourceTree = "<group>"; };
		01E037DC1DDD580A00013B69 /* ObjectMapper.framework */ = {isa = PBXFileReference; lastKnownFileType = wrapper.framework; path = ObjectMapper.framework; sourceTree = "<group>"; };
		01E037DD1DDD580A00013B69 /* SnapKit.framework */ = {isa = PBXFileReference; lastKnownFileType = wrapper.framework; path = SnapKit.framework; sourceTree = "<group>"; };
		01E254D81CCA288A004D7FA2 /* XRVideoPlayer-master.app */ = {isa = PBXFileReference; explicitFileType = wrapper.application; includeInIndex = 0; path = "XRVideoPlayer-master.app"; sourceTree = BUILT_PRODUCTS_DIR; };
		01E254DB1CCA288A004D7FA2 /* AppDelegate.swift */ = {isa = PBXFileReference; lastKnownFileType = sourcecode.swift; path = AppDelegate.swift; sourceTree = "<group>"; };
		01E254DD1CCA288A004D7FA2 /* ViewController.swift */ = {isa = PBXFileReference; lastKnownFileType = sourcecode.swift; path = ViewController.swift; sourceTree = "<group>"; };
		01E254E01CCA288A004D7FA2 /* Base */ = {isa = PBXFileReference; lastKnownFileType = file.storyboard; name = Base; path = Base.lproj/Main.storyboard; sourceTree = "<group>"; };
		01E254E51CCA288A004D7FA2 /* Base */ = {isa = PBXFileReference; lastKnownFileType = file.storyboard; name = Base; path = Base.lproj/LaunchScreen.storyboard; sourceTree = "<group>"; };
		01E254E71CCA288A004D7FA2 /* Info.plist */ = {isa = PBXFileReference; lastKnownFileType = text.plist.xml; path = Info.plist; sourceTree = "<group>"; };
		01E254EC1CCA288B004D7FA2 /* XRVideoPlayer-masterTests.xctest */ = {isa = PBXFileReference; explicitFileType = wrapper.cfbundle; includeInIndex = 0; path = "XRVideoPlayer-masterTests.xctest"; sourceTree = BUILT_PRODUCTS_DIR; };
		01E254F01CCA288B004D7FA2 /* XRVideoPlayer_masterTests.swift */ = {isa = PBXFileReference; lastKnownFileType = sourcecode.swift; path = XRVideoPlayer_masterTests.swift; sourceTree = "<group>"; };
		01E254F21CCA288B004D7FA2 /* Info.plist */ = {isa = PBXFileReference; lastKnownFileType = text.plist.xml; path = Info.plist; sourceTree = "<group>"; };
		01E254F71CCA288B004D7FA2 /* XRVideoPlayer-masterUITests.xctest */ = {isa = PBXFileReference; explicitFileType = wrapper.cfbundle; includeInIndex = 0; path = "XRVideoPlayer-masterUITests.xctest"; sourceTree = BUILT_PRODUCTS_DIR; };
		01E254FB1CCA288B004D7FA2 /* XRVideoPlayer_masterUITests.swift */ = {isa = PBXFileReference; lastKnownFileType = sourcecode.swift; path = XRVideoPlayer_masterUITests.swift; sourceTree = "<group>"; };
		01E254FD1CCA288B004D7FA2 /* Info.plist */ = {isa = PBXFileReference; lastKnownFileType = text.plist.xml; path = Info.plist; sourceTree = "<group>"; };
		01E255101CCA297B004D7FA2 /* ProConfig.h */ = {isa = PBXFileReference; lastKnownFileType = sourcecode.c.h; path = ProConfig.h; sourceTree = "<group>"; };
		01E255131CCA404B004D7FA2 /* VideoPlayViewController.swift */ = {isa = PBXFileReference; fileEncoding = 4; lastKnownFileType = sourcecode.swift; path = VideoPlayViewController.swift; sourceTree = "<group>"; };
		01E9004F1D702D24008C0091 /* HttpStreamPlayViewController.swift */ = {isa = PBXFileReference; fileEncoding = 4; lastKnownFileType = sourcecode.swift; path = HttpStreamPlayViewController.swift; sourceTree = "<group>"; };
		01F8185E1CCF631E0007B4EE /* XRVideoPlayer-precompile.h */ = {isa = PBXFileReference; lastKnownFileType = sourcecode.c.h; path = "XRVideoPlayer-precompile.h"; sourceTree = "<group>"; };
/* End PBXFileReference section */

/* Begin PBXFrameworksBuildPhase section */
		01E254D51CCA288A004D7FA2 /* Frameworks */ = {
			isa = PBXFrameworksBuildPhase;
			buildActionMask = 2147483647;
			files = (
			);
			runOnlyForDeploymentPostprocessing = 0;
		};
		01E254E91CCA288B004D7FA2 /* Frameworks */ = {
			isa = PBXFrameworksBuildPhase;
			buildActionMask = 2147483647;
			files = (
			);
			runOnlyForDeploymentPostprocessing = 0;
		};
		01E254F41CCA288B004D7FA2 /* Frameworks */ = {
			isa = PBXFrameworksBuildPhase;
			buildActionMask = 2147483647;
			files = (
			);
			runOnlyForDeploymentPostprocessing = 0;
		};
/* End PBXFrameworksBuildPhase section */

/* Begin PBXGroup section */
		01260E811DD5A94E00E668E6 /* DGActivityIndicatorView */ = {
			isa = PBXGroup;
			children = (
				01260E821DD5A94E00E668E6 /* Animations */,
				01260EC71DD5A94E00E668E6 /* DGActivityIndicatorAnimationProtocol.h */,
				01260EC81DD5A94E00E668E6 /* DGActivityIndicatorView.h */,
				01260EC91DD5A94E00E668E6 /* DGActivityIndicatorView.m */,
			);
			path = DGActivityIndicatorView;
			sourceTree = "<group>";
		};
		01260E821DD5A94E00E668E6 /* Animations */ = {
			isa = PBXGroup;
			children = (
				01260E831DD5A94E00E668E6 /* DGActivityIndicatorAnimation.h */,
				01260E841DD5A94E00E668E6 /* DGActivityIndicatorAnimation.m */,
				01260E851DD5A94E00E668E6 /* DGActivityIndicatorBallBeatAnimation.h */,
				01260E861DD5A94E00E668E6 /* DGActivityIndicatorBallBeatAnimation.m */,
				01260E871DD5A94E00E668E6 /* DGActivityIndicatorBallClipRotateAnimation.h */,
				01260E881DD5A94E00E668E6 /* DGActivityIndicatorBallClipRotateAnimation.m */,
				01260E891DD5A94E00E668E6 /* DGActivityIndicatorBallClipRotateMultipleAnimation.h */,
				01260E8A1DD5A94E00E668E6 /* DGActivityIndicatorBallClipRotateMultipleAnimation.m */,
				01260E8B1DD5A94E00E668E6 /* DGActivityIndicatorBallClipRotatePulseAnimation.h */,
				01260E8C1DD5A94E00E668E6 /* DGActivityIndicatorBallClipRotatePulseAnimation.m */,
				01260E8D1DD5A94E00E668E6 /* DGActivityIndicatorBallGridBeatAnimation.h */,
				01260E8E1DD5A94E00E668E6 /* DGActivityIndicatorBallGridBeatAnimation.m */,
				01260E8F1DD5A94E00E668E6 /* DGActivityIndicatorBallGridPulseAnimation.h */,
				01260E901DD5A94E00E668E6 /* DGActivityIndicatorBallGridPulseAnimation.m */,
				01260E911DD5A94E00E668E6 /* DGActivityIndicatorBallPulseAnimation.h */,
				01260E921DD5A94E00E668E6 /* DGActivityIndicatorBallPulseAnimation.m */,
				01260E931DD5A94E00E668E6 /* DGActivityIndicatorBallPulseSyncAnimation.h */,
				01260E941DD5A94E00E668E6 /* DGActivityIndicatorBallPulseSyncAnimation.m */,
				01260E951DD5A94E00E668E6 /* DGActivityIndicatorBallRotateAnimation.h */,
				01260E961DD5A94E00E668E6 /* DGActivityIndicatorBallRotateAnimation.m */,
				01260E971DD5A94E00E668E6 /* DGActivityIndicatorBallScaleAnimation.h */,
				01260E981DD5A94E00E668E6 /* DGActivityIndicatorBallScaleAnimation.m */,
				01260E991DD5A94E00E668E6 /* DGActivityIndicatorBallScaleMultipleAnimation.h */,
				01260E9A1DD5A94E00E668E6 /* DGActivityIndicatorBallScaleMultipleAnimation.m */,
				01260E9B1DD5A94E00E668E6 /* DGActivityIndicatorBallScaleRippleAnimation.h */,
				01260E9C1DD5A94E00E668E6 /* DGActivityIndicatorBallScaleRippleAnimation.m */,
				01260E9D1DD5A94E00E668E6 /* DGActivityIndicatorBallScaleRippleMultipleAnimation.h */,
				01260E9E1DD5A94E00E668E6 /* DGActivityIndicatorBallScaleRippleMultipleAnimation.m */,
				01260E9F1DD5A94E00E668E6 /* DGActivityIndicatorBallSpinFadeLoader.h */,
				01260EA01DD5A94E00E668E6 /* DGActivityIndicatorBallSpinFadeLoader.m */,
				01260EA11DD5A94E00E668E6 /* DGActivityIndicatorBallTrianglePathAnimation.h */,
				01260EA21DD5A94E00E668E6 /* DGActivityIndicatorBallTrianglePathAnimation.m */,
				01260EA31DD5A94E00E668E6 /* DGActivityIndicatorBallZigZagAnimation.h */,
				01260EA41DD5A94E00E668E6 /* DGActivityIndicatorBallZigZagAnimation.m */,
				01260EA51DD5A94E00E668E6 /* DGActivityIndicatorBallZigZagDeflectAnimation.h */,
				01260EA61DD5A94E00E668E6 /* DGActivityIndicatorBallZigZagDeflectAnimation.m */,
				01260EA71DD5A94E00E668E6 /* DGActivityIndicatorCookieTerminatorAnimation.h */,
				01260EA81DD5A94E00E668E6 /* DGActivityIndicatorCookieTerminatorAnimation.m */,
				01260EA91DD5A94E00E668E6 /* DGActivityIndicatorDoubleBounceAnimation.h */,
				01260EAA1DD5A94E00E668E6 /* DGActivityIndicatorDoubleBounceAnimation.m */,
				01260EAB1DD5A94E00E668E6 /* DGActivityIndicatorFiveDotsAnimation.h */,
				01260EAC1DD5A94E00E668E6 /* DGActivityIndicatorFiveDotsAnimation.m */,
				01260EAD1DD5A94E00E668E6 /* DGActivityIndicatorLineScaleAnimation.h */,
				01260EAE1DD5A94E00E668E6 /* DGActivityIndicatorLineScaleAnimation.m */,
				01260EAF1DD5A94E00E668E6 /* DGActivityIndicatorLineScalePartyAnimation.h */,
				01260EB01DD5A94E00E668E6 /* DGActivityIndicatorLineScalePartyAnimation.m */,
				01260EB11DD5A94E00E668E6 /* DGActivityIndicatorLineScalePulseOutAnimation.h */,
				01260EB21DD5A94E00E668E6 /* DGActivityIndicatorLineScalePulseOutAnimation.m */,
				01260EB31DD5A94E00E668E6 /* DGActivityIndicatorLineScalePulseOutRapidAnimation.h */,
				01260EB41DD5A94E00E668E6 /* DGActivityIndicatorLineScalePulseOutRapidAnimation.m */,
				01260EB51DD5A94E00E668E6 /* DGActivityIndicatorNineDotsAnimation.h */,
				01260EB61DD5A94E00E668E6 /* DGActivityIndicatorNineDotsAnimation.m */,
				01260EB71DD5A94E00E668E6 /* DGActivityIndicatorRotatingSandglassAnimation.h */,
				01260EB81DD5A94E00E668E6 /* DGActivityIndicatorRotatingSandglassAnimation.m */,
				01260EB91DD5A94E00E668E6 /* DGActivityIndicatorRotatingSquaresAnimation.h */,
				01260EBA1DD5A94E00E668E6 /* DGActivityIndicatorRotatingSquaresAnimation.m */,
				01260EBB1DD5A94E00E668E6 /* DGActivityIndicatorRotatingTrigonAnimation.h */,
				01260EBC1DD5A94E00E668E6 /* DGActivityIndicatorRotatingTrigonAnimation.m */,
				01260EBD1DD5A94E00E668E6 /* DGActivityIndicatorThreeDotsAnimation.h */,
				01260EBE1DD5A94E00E668E6 /* DGActivityIndicatorThreeDotsAnimation.m */,
				01260EBF1DD5A94E00E668E6 /* DGActivityIndicatorTriangleSkewSpinAnimation.h */,
				01260EC01DD5A94E00E668E6 /* DGActivityIndicatorTriangleSkewSpinAnimation.m */,
				01260EC11DD5A94E00E668E6 /* DGActivityIndicatorTriplePulseAnimation.h */,
				01260EC21DD5A94E00E668E6 /* DGActivityIndicatorTriplePulseAnimation.m */,
				01260EC31DD5A94E00E668E6 /* DGActivityIndicatorTripleRingsAnimation.h */,
				01260EC41DD5A94E00E668E6 /* DGActivityIndicatorTripleRingsAnimation.m */,
				01260EC51DD5A94E00E668E6 /* DGActivityIndicatorTwoDotsAnimation.h */,
				01260EC61DD5A94E00E668E6 /* DGActivityIndicatorTwoDotsAnimation.m */,
			);
			path = Animations;
			sourceTree = "<group>";
		};
		012630351DEBC7680029C567 /* XRTransitionAnimator */ = {
			isa = PBXGroup;
			children = (
				012630371DEBC9E30029C567 /* InteractionAnimator */,
				012630361DEBC9D00029C567 /* TransitionAnimator */,
			);
			path = XRTransitionAnimator;
			sourceTree = "<group>";
		};
		012630361DEBC9D00029C567 /* TransitionAnimator */ = {
			isa = PBXGroup;
			children = (
				0126303A1DEBCAED0029C567 /* XRBaseTransitionAnimator.swift */,
				0126303C1DEBD03E0029C567 /* XRSunkenTransitionAnimator.swift */,
			);
			path = TransitionAnimator;
			sourceTree = "<group>";
		};
		012630371DEBC9E30029C567 /* InteractionAnimator */ = {
			isa = PBXGroup;
			children = (
				012630381DEBCA9B0029C567 /* XRBaseInteractionAnimator.swift */,
				012630401DEC4E250029C567 /* XRHorizontalSwipeInteractionAnimator.swift */,
			);
			path = InteractionAnimator;
			sourceTree = "<group>";
		};
		01276EE11CCDCD4400EB5C05 /* Resources */ = {
			isa = PBXGroup;
			children = (
				0192C7701DE2C3D5006C49CE /* download@2x.png */,
				0192C7711DE2C3D5006C49CE /* download@3x.png */,
				0192C7721DE2C3D5006C49CE /* downloading@2x.png */,
				0192C7731DE2C3D5006C49CE /* downloading@3x.png */,
				01260EED1DD5E8F300E668E6 /* back@2x.png */,
				01260EEE1DD5E8F300E668E6 /* back@3x.png */,
				01260EEF1DD5E8F300E668E6 /* closefull@2x.png */,
				01260EF01DD5E8F300E668E6 /* closefull@3x.png */,
				01260EF11DD5E8F300E668E6 /* pause@2x.png */,
				01260EF21DD5E8F300E668E6 /* pause@3x.png */,
				01260EF31DD5E8F300E668E6 /* play@2x.png */,
				01260EF41DD5E8F300E668E6 /* play@3x.png */,
				01260EF51DD5E8F300E668E6 /* tofull@2x.png */,
				01260EF61DD5E8F300E668E6 /* tofull@3x.png */,
				01C2A9811CCE166E001342D4 /* player_loadin_1@2x.png */,
				01C2A9821CCE166E001342D4 /* player_loadin_2@2x.png */,
				01C2A9831CCE166E001342D4 /* player_loadin_3@2x.png */,
				01C2A9841CCE166E001342D4 /* player_loadin_4@2x.png */,
				01C2A9851CCE166E001342D4 /* player_loadin_5@2x.png */,
				01C2A97D1CCE165E001342D4 /* player-progress-point-h@2x.png */,
				01C2A97E1CCE165E001342D4 /* player-progress-point-h@3x.png */,
			);
			path = Resources;
			sourceTree = "<group>";
		};
		013E53591CD0B0AC009CA523 /* AsyncWebImage */ = {
			isa = PBXGroup;
			children = (
				013E535A1CD0B0AC009CA523 /* AsyncImageCache.swift */,
				013E535B1CD0B0AC009CA523 /* AsyncImageDownloader.swift */,
				013E535C1CD0B0AC009CA523 /* UIImageView+AsyncImageCache.swift */,
			);
			path = AsyncWebImage;
			sourceTree = "<group>";
		};
		018297CD1DDEE70A001809EA /* Base */ = {
			isa = PBXGroup;
			children = (
				018297D01DDEE793001809EA /* BaseTabBarController.swift */,
				018297D21DDEE7AD001809EA /* BaseNavigationController.swift */,
				0126303E1DEC46540029C567 /* BaseViewController.swift */,
			);
			path = Base;
			sourceTree = "<group>";
		};
		018297D41DDEE7C9001809EA /* Extensions */ = {
			isa = PBXGroup;
			children = (
				015867721CD1EB04007DDFFB /* UINavigationController+Extension.swift */,
				018297D51DDEE815001809EA /* UIViewController+Extension.swift */,
				018297D71DDEE99B001809EA /* UITabBarController+Extension.swift */,
				014501ED1DE3F17400EB3CDD /* UIAlertController+Extensions.swift */,
			);
			path = Extensions;
			sourceTree = "<group>";
		};
		01C128161DDDA85C00224132 /* Downlioader */ = {
			isa = PBXGroup;
			children = (
				018297CE1DDEE75E001809EA /* XRFileDownloader.swift */,
				015333FA1DE3174700AC5C73 /* XRFileDownloadModel.swift */,
			);
			path = Downlioader;
			sourceTree = "<group>";
		};
		01D341BB1DDEB00500295EAC /* 仿支付宝呼吸灯效果 */ = {
			isa = PBXGroup;
			children = (
				0105C2F11CCB680000F268E0 /* RegulationBrightness.swift */,
			);
			path = "仿支付宝呼吸灯效果";
			sourceTree = "<group>";
		};
		01DD69671CD1BF89006B8607 /* XRRequest */ = {
			isa = PBXGroup;
			children = (
				01DD69851CD1BFCB006B8607 /* XRRequest.swift */,
			);
			path = XRRequest;
			sourceTree = "<group>";
		};
		01DD69881CD1C081006B8607 /* XRVideoPlayer */ = {
			isa = PBXGroup;
			children = (
				01DD69891CD1C081006B8607 /* XRActivityInditor.swift */,
				01DD698A1CD1C081006B8607 /* XRVideoPlayer.swift */,
				01DD698B1CD1C081006B8607 /* XRVideoToolBottomView.swift */,
				01CDA4271CD1F97200A2449C /* UIColor+Extension.swift */,
				01CDD4131CD3791E00E20405 /* XRVideoNavigationView.swift */,
				014FD22B1DD9E22E007CB9F3 /* XRProgressView.swift */,
			);
			path = XRVideoPlayer;
			sourceTree = "<group>";
		};
		01E037D91DDD56DF00013B69 /* Frameworks */ = {
			isa = PBXGroup;
			children = (
				01C1281B1DDDCB0E00224132 /* SwiftyJSON.framework */,
				01E037DB1DDD580A00013B69 /* Alamofire.framework */,
				01E037DC1DDD580A00013B69 /* ObjectMapper.framework */,
				01E037DD1DDD580A00013B69 /* SnapKit.framework */,
			);
			path = Frameworks;
			sourceTree = "<group>";
		};
		01E254CF1CCA288A004D7FA2 = {
			isa = PBXGroup;
			children = (
				01E254DA1CCA288A004D7FA2 /* XRVideoPlayer-master */,
				01E254EF1CCA288B004D7FA2 /* XRVideoPlayer-masterTests */,
				01E254FA1CCA288B004D7FA2 /* XRVideoPlayer-masterUITests */,
				01E254D91CCA288A004D7FA2 /* Products */,
			);
			sourceTree = "<group>";
		};
		01E254D91CCA288A004D7FA2 /* Products */ = {
			isa = PBXGroup;
			children = (
				01E254D81CCA288A004D7FA2 /* XRVideoPlayer-master.app */,
				01E254EC1CCA288B004D7FA2 /* XRVideoPlayer-masterTests.xctest */,
				01E254F71CCA288B004D7FA2 /* XRVideoPlayer-masterUITests.xctest */,
			);
			name = Products;
			sourceTree = "<group>";
		};
		01E254DA1CCA288A004D7FA2 /* XRVideoPlayer-master */ = {
			isa = PBXGroup;
			children = (
				01E037D91DDD56DF00013B69 /* Frameworks */,
				01E255091CCA28BB004D7FA2 /* Classes */,
				01E254DB1CCA288A004D7FA2 /* AppDelegate.swift */,
				01E254DD1CCA288A004D7FA2 /* ViewController.swift */,
				01CDD4311CD3805200E20405 /* Assets.xcassets */,
				01F8185E1CCF631E0007B4EE /* XRVideoPlayer-precompile.h */,
				01E254DF1CCA288A004D7FA2 /* Main.storyboard */,
				01E254E41CCA288A004D7FA2 /* LaunchScreen.storyboard */,
				01E254E71CCA288A004D7FA2 /* Info.plist */,
				01BD7AFF1CCF3EDD00BE6587 /* XRVideoPlayer-master-Bridging-Header.h */,
			);
			path = "XRVideoPlayer-master";
			sourceTree = "<group>";
		};
		01E254EF1CCA288B004D7FA2 /* XRVideoPlayer-masterTests */ = {
			isa = PBXGroup;
			children = (
				01E254F01CCA288B004D7FA2 /* XRVideoPlayer_masterTests.swift */,
				01E254F21CCA288B004D7FA2 /* Info.plist */,
			);
			path = "XRVideoPlayer-masterTests";
			sourceTree = "<group>";
		};
		01E254FA1CCA288B004D7FA2 /* XRVideoPlayer-masterUITests */ = {
			isa = PBXGroup;
			children = (
				01E254FB1CCA288B004D7FA2 /* XRVideoPlayer_masterUITests.swift */,
				01E254FD1CCA288B004D7FA2 /* Info.plist */,
			);
			path = "XRVideoPlayer-masterUITests";
			sourceTree = "<group>";
		};
		01E255091CCA28BB004D7FA2 /* Classes */ = {
			isa = PBXGroup;
			children = (
				012630351DEBC7680029C567 /* XRTransitionAnimator */,
				01F692C01DD44BCC0062EA76 /* Libs */,
				01276EE11CCDCD4400EB5C05 /* Resources */,
				01E2550E1CCA28EF004D7FA2 /* Marcos */,
				01E2550D1CCA28E9004D7FA2 /* Common */,
				01E2550C1CCA28DF004D7FA2 /* Controllers */,
				01E2550B1CCA28D1004D7FA2 /* Models */,
				01E2550A1CCA28C8004D7FA2 /* Views */,
			);
			name = Classes;
			sourceTree = "<group>";
		};
		01E2550A1CCA28C8004D7FA2 /* Views */ = {
			isa = PBXGroup;
			children = (
				013E53201CD06908009CA523 /* VideoListCell.swift */,
			);
			path = Views;
			sourceTree = "<group>";
		};
		01E2550B1CCA28D1004D7FA2 /* Models */ = {
			isa = PBXGroup;
			children = (
				01C23B3C1CD05FED00AF2B91 /* VideoListModel.swift */,
			);
			path = Models;
			sourceTree = "<group>";
		};
		01E2550C1CCA28DF004D7FA2 /* Controllers */ = {
			isa = PBXGroup;
			children = (
				01E255131CCA404B004D7FA2 /* VideoPlayViewController.swift */,
				01BD7AFD1CCF3E1600BE6587 /* VideoPlayLIstViewController.swift */,
				01E9004F1D702D24008C0091 /* HttpStreamPlayViewController.swift */,
				0192C77A1DE2F659006C49CE /* DownloadViewController.swift */,
			);
			path = Controllers;
			sourceTree = "<group>";
		};
		01E2550D1CCA28E9004D7FA2 /* Common */ = {
			isa = PBXGroup;
			children = (
				018297D41DDEE7C9001809EA /* Extensions */,
				018297CD1DDEE70A001809EA /* Base */,
				01C128161DDDA85C00224132 /* Downlioader */,
				01DD69881CD1C081006B8607 /* XRVideoPlayer */,
				013E53591CD0B0AC009CA523 /* AsyncWebImage */,
				01D341BB1DDEB00500295EAC /* 仿支付宝呼吸灯效果 */,
				01DD69671CD1BF89006B8607 /* XRRequest */,
			);
			path = Common;
			sourceTree = "<group>";
		};
		01E2550E1CCA28EF004D7FA2 /* Marcos */ = {
			isa = PBXGroup;
			children = (
				01E255101CCA297B004D7FA2 /* ProConfig.h */,
			);
			path = Marcos;
			sourceTree = "<group>";
		};
		01F692C01DD44BCC0062EA76 /* Libs */ = {
			isa = PBXGroup;
			children = (
				01260E811DD5A94E00E668E6 /* DGActivityIndicatorView */,
			);
			path = Libs;
			sourceTree = "<group>";
		};
/* End PBXGroup section */

/* Begin PBXNativeTarget section */
		01E254D71CCA288A004D7FA2 /* XRVideoPlayer-master */ = {
			isa = PBXNativeTarget;
			buildConfigurationList = 01E255001CCA288B004D7FA2 /* Build configuration list for PBXNativeTarget "XRVideoPlayer-master" */;
			buildPhases = (
				01E254D41CCA288A004D7FA2 /* Sources */,
				01E254D51CCA288A004D7FA2 /* Frameworks */,
				01E254D61CCA288A004D7FA2 /* Resources */,
				01C128251DDDCB2000224132 /* Embed Frameworks */,
			);
			buildRules = (
			);
			dependencies = (
			);
			name = "XRVideoPlayer-master";
			productName = "XRVideoPlayer-master";
			productReference = 01E254D81CCA288A004D7FA2 /* XRVideoPlayer-master.app */;
			productType = "com.apple.product-type.application";
		};
		01E254EB1CCA288B004D7FA2 /* XRVideoPlayer-masterTests */ = {
			isa = PBXNativeTarget;
			buildConfigurationList = 01E255031CCA288B004D7FA2 /* Build configuration list for PBXNativeTarget "XRVideoPlayer-masterTests" */;
			buildPhases = (
				01E254E81CCA288B004D7FA2 /* Sources */,
				01E254E91CCA288B004D7FA2 /* Frameworks */,
				01E254EA1CCA288B004D7FA2 /* Resources */,
			);
			buildRules = (
			);
			dependencies = (
				01E254EE1CCA288B004D7FA2 /* PBXTargetDependency */,
			);
			name = "XRVideoPlayer-masterTests";
			productName = "XRVideoPlayer-masterTests";
			productReference = 01E254EC1CCA288B004D7FA2 /* XRVideoPlayer-masterTests.xctest */;
			productType = "com.apple.product-type.bundle.unit-test";
		};
		01E254F61CCA288B004D7FA2 /* XRVideoPlayer-masterUITests */ = {
			isa = PBXNativeTarget;
			buildConfigurationList = 01E255061CCA288B004D7FA2 /* Build configuration list for PBXNativeTarget "XRVideoPlayer-masterUITests" */;
			buildPhases = (
				01E254F31CCA288B004D7FA2 /* Sources */,
				01E254F41CCA288B004D7FA2 /* Frameworks */,
				01E254F51CCA288B004D7FA2 /* Resources */,
			);
			buildRules = (
			);
			dependencies = (
				01E254F91CCA288B004D7FA2 /* PBXTargetDependency */,
			);
			name = "XRVideoPlayer-masterUITests";
			productName = "XRVideoPlayer-masterUITests";
			productReference = 01E254F71CCA288B004D7FA2 /* XRVideoPlayer-masterUITests.xctest */;
			productType = "com.apple.product-type.bundle.ui-testing";
		};
/* End PBXNativeTarget section */

/* Begin PBXProject section */
		01E254D01CCA288A004D7FA2 /* Project object */ = {
			isa = PBXProject;
			attributes = {
				LastSwiftUpdateCheck = 0730;
				LastUpgradeCheck = 0730;
				ORGANIZATIONNAME = "黯丶野火";
				TargetAttributes = {
					01E254D71CCA288A004D7FA2 = {
						CreatedOnToolsVersion = 7.3;
						DevelopmentTeam = AYCJR8SJVG;
						LastSwiftMigration = 0800;
						SystemCapabilities = {
							com.apple.BackgroundModes = {
								enabled = 0;
							};
						};
					};
					01E254EB1CCA288B004D7FA2 = {
						CreatedOnToolsVersion = 7.3;
						LastSwiftMigration = 0800;
						TestTargetID = 01E254D71CCA288A004D7FA2;
					};
					01E254F61CCA288B004D7FA2 = {
						CreatedOnToolsVersion = 7.3;
						LastSwiftMigration = 0800;
						TestTargetID = 01E254D71CCA288A004D7FA2;
					};
				};
			};
			buildConfigurationList = 01E254D31CCA288A004D7FA2 /* Build configuration list for PBXProject "XRVideoPlayer-master" */;
			compatibilityVersion = "Xcode 3.2";
			developmentRegion = English;
			hasScannedForEncodings = 0;
			knownRegions = (
				en,
				Base,
			);
			mainGroup = 01E254CF1CCA288A004D7FA2;
			productRefGroup = 01E254D91CCA288A004D7FA2 /* Products */;
			projectDirPath = "";
			projectRoot = "";
			targets = (
				01E254D71CCA288A004D7FA2 /* XRVideoPlayer-master */,
				01E254EB1CCA288B004D7FA2 /* XRVideoPlayer-masterTests */,
				01E254F61CCA288B004D7FA2 /* XRVideoPlayer-masterUITests */,
			);
		};
/* End PBXProject section */

/* Begin PBXResourcesBuildPhase section */
		01E254D61CCA288A004D7FA2 /* Resources */ = {
			isa = PBXResourcesBuildPhase;
			buildActionMask = 2147483647;
			files = (
				01260EF71DD5E8F300E668E6 /* back@2x.png in Resources */,
				01260EFA1DD5E8F300E668E6 /* closefull@3x.png in Resources */,
				01C2A9881CCE166E001342D4 /* player_loadin_3@2x.png in Resources */,
				01260EFD1DD5E8F300E668E6 /* play@2x.png in Resources */,
				0192C7741DE2C3D5006C49CE /* download@2x.png in Resources */,
				01260EF81DD5E8F300E668E6 /* back@3x.png in Resources */,
				01260EFF1DD5E8F300E668E6 /* tofull@2x.png in Resources */,
				0192C7751DE2C3D5006C49CE /* download@3x.png in Resources */,
				01260EFE1DD5E8F300E668E6 /* play@3x.png in Resources */,
				01E254E61CCA288A004D7FA2 /* LaunchScreen.storyboard in Resources */,
				01260EF91DD5E8F300E668E6 /* closefull@2x.png in Resources */,
				01C2A97F1CCE165E001342D4 /* player-progress-point-h@2x.png in Resources */,
				0192C7761DE2C3D5006C49CE /* downloading@2x.png in Resources */,
				01260EFB1DD5E8F300E668E6 /* pause@2x.png in Resources */,
				01260EFC1DD5E8F300E668E6 /* pause@3x.png in Resources */,
				01C2A98A1CCE166E001342D4 /* player_loadin_5@2x.png in Resources */,
				01260F001DD5E8F300E668E6 /* tofull@3x.png in Resources */,
				01CDD4321CD3805200E20405 /* Assets.xcassets in Resources */,
				01C2A9871CCE166E001342D4 /* player_loadin_2@2x.png in Resources */,
				01C2A9891CCE166E001342D4 /* player_loadin_4@2x.png in Resources */,
				01E254E11CCA288A004D7FA2 /* Main.storyboard in Resources */,
				01C2A9861CCE166E001342D4 /* player_loadin_1@2x.png in Resources */,
				0192C7771DE2C3D5006C49CE /* downloading@3x.png in Resources */,
				01C2A9801CCE165E001342D4 /* player-progress-point-h@3x.png in Resources */,
			);
			runOnlyForDeploymentPostprocessing = 0;
		};
		01E254EA1CCA288B004D7FA2 /* Resources */ = {
			isa = PBXResourcesBuildPhase;
			buildActionMask = 2147483647;
			files = (
			);
			runOnlyForDeploymentPostprocessing = 0;
		};
		01E254F51CCA288B004D7FA2 /* Resources */ = {
			isa = PBXResourcesBuildPhase;
			buildActionMask = 2147483647;
			files = (
			);
			runOnlyForDeploymentPostprocessing = 0;
		};
/* End PBXResourcesBuildPhase section */

/* Begin PBXSourcesBuildPhase section */
		01E254D41CCA288A004D7FA2 /* Sources */ = {
			isa = PBXSourcesBuildPhase;
			buildActionMask = 2147483647;
			files = (
				018297D11DDEE793001809EA /* BaseTabBarController.swift in Sources */,
				01260EEC1DD5A94E00E668E6 /* DGActivityIndicatorView.m in Sources */,
				014FD22C1DD9E22E007CB9F3 /* XRProgressView.swift in Sources */,
				01CDD4141CD3791E00E20405 /* XRVideoNavigationView.swift in Sources */,
				0126303B1DEBCAED0029C567 /* XRBaseTransitionAnimator.swift in Sources */,
				018297D61DDEE815001809EA /* UIViewController+Extension.swift in Sources */,
				01260ECA1DD5A94E00E668E6 /* DGActivityIndicatorAnimation.m in Sources */,
				01E255141CCA404B004D7FA2 /* VideoPlayViewController.swift in Sources */,
				01260EDC1DD5A94E00E668E6 /* DGActivityIndicatorCookieTerminatorAnimation.m in Sources */,
				01DD698C1CD1C081006B8607 /* XRActivityInditor.swift in Sources */,
				01260EDF1DD5A94E00E668E6 /* DGActivityIndicatorLineScaleAnimation.m in Sources */,
				01C23B3D1CD05FED00AF2B91 /* VideoListModel.swift in Sources */,
				01260ED51DD5A94E00E668E6 /* DGActivityIndicatorBallScaleMultipleAnimation.m in Sources */,
				01DD698E1CD1C081006B8607 /* XRVideoToolBottomView.swift in Sources */,
				01260ECF1DD5A94E00E668E6 /* DGActivityIndicatorBallGridBeatAnimation.m in Sources */,
				01E900501D702D24008C0091 /* HttpStreamPlayViewController.swift in Sources */,
				01CDA4281CD1F97200A2449C /* UIColor+Extension.swift in Sources */,
				01260EE41DD5A94E00E668E6 /* DGActivityIndicatorRotatingSandglassAnimation.m in Sources */,
				01260ED11DD5A94E00E668E6 /* DGActivityIndicatorBallPulseAnimation.m in Sources */,
				013E535D1CD0B0AC009CA523 /* AsyncImageCache.swift in Sources */,
				01260EE11DD5A94E00E668E6 /* DGActivityIndicatorLineScalePulseOutAnimation.m in Sources */,
				012630391DEBCA9B0029C567 /* XRBaseInteractionAnimator.swift in Sources */,
				012630411DEC4E250029C567 /* XRHorizontalSwipeInteractionAnimator.swift in Sources */,
				01260ED81DD5A94E00E668E6 /* DGActivityIndicatorBallSpinFadeLoader.m in Sources */,
				0126303D1DEBD03E0029C567 /* XRSunkenTransitionAnimator.swift in Sources */,
				01260EDD1DD5A94E00E668E6 /* DGActivityIndicatorDoubleBounceAnimation.m in Sources */,
				01260EDE1DD5A94E00E668E6 /* DGActivityIndicatorFiveDotsAnimation.m in Sources */,
				01DD698D1CD1C081006B8607 /* XRVideoPlayer.swift in Sources */,
				018297CF1DDEE75E001809EA /* XRFileDownloader.swift in Sources */,
				01260EE51DD5A94E00E668E6 /* DGActivityIndicatorRotatingSquaresAnimation.m in Sources */,
				013E53211CD06908009CA523 /* VideoListCell.swift in Sources */,
				013E535E1CD0B0AC009CA523 /* AsyncImageDownloader.swift in Sources */,
				014501EE1DE3F17400EB3CDD /* UIAlertController+Extensions.swift in Sources */,
				01260ED61DD5A94E00E668E6 /* DGActivityIndicatorBallScaleRippleAnimation.m in Sources */,
				01260ED01DD5A94E00E668E6 /* DGActivityIndicatorBallGridPulseAnimation.m in Sources */,
				01260EE81DD5A94E00E668E6 /* DGActivityIndicatorTriangleSkewSpinAnimation.m in Sources */,
				0126303F1DEC46540029C567 /* BaseViewController.swift in Sources */,
				01260EDA1DD5A94E00E668E6 /* DGActivityIndicatorBallZigZagAnimation.m in Sources */,
				01BD7AFE1CCF3E1600BE6587 /* VideoPlayLIstViewController.swift in Sources */,
				01260EDB1DD5A94E00E668E6 /* DGActivityIndicatorBallZigZagDeflectAnimation.m in Sources */,
				01260ED71DD5A94E00E668E6 /* DGActivityIndicatorBallScaleRippleMultipleAnimation.m in Sources */,
				01260ED31DD5A94E00E668E6 /* DGActivityIndicatorBallRotateAnimation.m in Sources */,
				01260ECB1DD5A94E00E668E6 /* DGActivityIndicatorBallBeatAnimation.m in Sources */,
				015333FB1DE3174700AC5C73 /* XRFileDownloadModel.swift in Sources */,
				018297D81DDEE99B001809EA /* UITabBarController+Extension.swift in Sources */,
				01260EE71DD5A94E00E668E6 /* DGActivityIndicatorThreeDotsAnimation.m in Sources */,
				01260ECD1DD5A94E00E668E6 /* DGActivityIndicatorBallClipRotateMultipleAnimation.m in Sources */,
				01DD69871CD1BFCB006B8607 /* XRRequest.swift in Sources */,
				01260EE91DD5A94E00E668E6 /* DGActivityIndicatorTriplePulseAnimation.m in Sources */,
				01260EEA1DD5A94E00E668E6 /* DGActivityIndicatorTripleRingsAnimation.m in Sources */,
				01260EE31DD5A94E00E668E6 /* DGActivityIndicatorNineDotsAnimation.m in Sources */,
				01260ECE1DD5A94E00E668E6 /* DGActivityIndicatorBallClipRotatePulseAnimation.m in Sources */,
				01260EE21DD5A94E00E668E6 /* DGActivityIndicatorLineScalePulseOutRapidAnimation.m in Sources */,
				018297D31DDEE7AD001809EA /* BaseNavigationController.swift in Sources */,
				01260ED41DD5A94E00E668E6 /* DGActivityIndicatorBallScaleAnimation.m in Sources */,
				01260EE61DD5A94E00E668E6 /* DGActivityIndicatorRotatingTrigonAnimation.m in Sources */,
				015867731CD1EB04007DDFFB /* UINavigationController+Extension.swift in Sources */,
				01E254DE1CCA288A004D7FA2 /* ViewController.swift in Sources */,
				01260ED91DD5A94E00E668E6 /* DGActivityIndicatorBallTrianglePathAnimation.m in Sources */,
				013E535F1CD0B0AC009CA523 /* UIImageView+AsyncImageCache.swift in Sources */,
				01260EEB1DD5A94E00E668E6 /* DGActivityIndicatorTwoDotsAnimation.m in Sources */,
				01260EE01DD5A94E00E668E6 /* DGActivityIndicatorLineScalePartyAnimation.m in Sources */,
				01260ED21DD5A94E00E668E6 /* DGActivityIndicatorBallPulseSyncAnimation.m in Sources */,
				01260ECC1DD5A94E00E668E6 /* DGActivityIndicatorBallClipRotateAnimation.m in Sources */,
				0105C2F21CCB680000F268E0 /* RegulationBrightness.swift in Sources */,
				0192C77B1DE2F659006C49CE /* DownloadViewController.swift in Sources */,
				01E254DC1CCA288A004D7FA2 /* AppDelegate.swift in Sources */,
			);
			runOnlyForDeploymentPostprocessing = 0;
		};
		01E254E81CCA288B004D7FA2 /* Sources */ = {
			isa = PBXSourcesBuildPhase;
			buildActionMask = 2147483647;
			files = (
				01E254F11CCA288B004D7FA2 /* XRVideoPlayer_masterTests.swift in Sources */,
			);
			runOnlyForDeploymentPostprocessing = 0;
		};
		01E254F31CCA288B004D7FA2 /* Sources */ = {
			isa = PBXSourcesBuildPhase;
			buildActionMask = 2147483647;
			files = (
				01E254FC1CCA288B004D7FA2 /* XRVideoPlayer_masterUITests.swift in Sources */,
			);
			runOnlyForDeploymentPostprocessing = 0;
		};
/* End PBXSourcesBuildPhase section */

/* Begin PBXTargetDependency section */
		01E254EE1CCA288B004D7FA2 /* PBXTargetDependency */ = {
			isa = PBXTargetDependency;
			target = 01E254D71CCA288A004D7FA2 /* XRVideoPlayer-master */;
			targetProxy = 01E254ED1CCA288B004D7FA2 /* PBXContainerItemProxy */;
		};
		01E254F91CCA288B004D7FA2 /* PBXTargetDependency */ = {
			isa = PBXTargetDependency;
			target = 01E254D71CCA288A004D7FA2 /* XRVideoPlayer-master */;
			targetProxy = 01E254F81CCA288B004D7FA2 /* PBXContainerItemProxy */;
		};
/* End PBXTargetDependency section */

/* Begin PBXVariantGroup section */
		01E254DF1CCA288A004D7FA2 /* Main.storyboard */ = {
			isa = PBXVariantGroup;
			children = (
				01E254E01CCA288A004D7FA2 /* Base */,
			);
			name = Main.storyboard;
			sourceTree = "<group>";
		};
		01E254E41CCA288A004D7FA2 /* LaunchScreen.storyboard */ = {
			isa = PBXVariantGroup;
			children = (
				01E254E51CCA288A004D7FA2 /* Base */,
			);
			name = LaunchScreen.storyboard;
			sourceTree = "<group>";
		};
/* End PBXVariantGroup section */

/* Begin XCBuildConfiguration section */
		01E254FE1CCA288B004D7FA2 /* Debug */ = {
			isa = XCBuildConfiguration;
			buildSettings = {
				ALWAYS_SEARCH_USER_PATHS = NO;
				CLANG_ANALYZER_NONNULL = YES;
				CLANG_CXX_LANGUAGE_STANDARD = "gnu++0x";
				CLANG_CXX_LIBRARY = "libc++";
				CLANG_ENABLE_MODULES = YES;
				CLANG_ENABLE_OBJC_ARC = YES;
				CLANG_WARN_BOOL_CONVERSION = YES;
				CLANG_WARN_CONSTANT_CONVERSION = YES;
				CLANG_WARN_DIRECT_OBJC_ISA_USAGE = YES_ERROR;
				CLANG_WARN_EMPTY_BODY = YES;
				CLANG_WARN_ENUM_CONVERSION = YES;
				CLANG_WARN_INT_CONVERSION = YES;
				CLANG_WARN_OBJC_ROOT_CLASS = YES_ERROR;
				CLANG_WARN_UNREACHABLE_CODE = YES;
				CLANG_WARN__DUPLICATE_METHOD_MATCH = YES;
				"CODE_SIGN_IDENTITY[sdk=iphoneos*]" = "iPhone Developer";
				COPY_PHASE_STRIP = NO;
				DEBUG_INFORMATION_FORMAT = dwarf;
				ENABLE_STRICT_OBJC_MSGSEND = YES;
				ENABLE_TESTABILITY = YES;
				GCC_C_LANGUAGE_STANDARD = gnu99;
				GCC_DYNAMIC_NO_PIC = NO;
				GCC_NO_COMMON_BLOCKS = YES;
				GCC_OPTIMIZATION_LEVEL = 0;
				GCC_PREPROCESSOR_DEFINITIONS = (
					"DEBUG=1",
					"$(inherited)",
				);
				GCC_WARN_64_TO_32_BIT_CONVERSION = YES;
				GCC_WARN_ABOUT_RETURN_TYPE = YES_ERROR;
				GCC_WARN_UNDECLARED_SELECTOR = YES;
				GCC_WARN_UNINITIALIZED_AUTOS = YES_AGGRESSIVE;
				GCC_WARN_UNUSED_FUNCTION = YES;
				GCC_WARN_UNUSED_VARIABLE = YES;
				IPHONEOS_DEPLOYMENT_TARGET = 9.3;
				MTL_ENABLE_DEBUG_INFO = YES;
				ONLY_ACTIVE_ARCH = YES;
				SDKROOT = iphoneos;
				SWIFT_OPTIMIZATION_LEVEL = "-Onone";
				SWIFT_VERSION = 3.0;
			};
			name = Debug;
		};
		01E254FF1CCA288B004D7FA2 /* Release */ = {
			isa = XCBuildConfiguration;
			buildSettings = {
				ALWAYS_SEARCH_USER_PATHS = NO;
				CLANG_ANALYZER_NONNULL = YES;
				CLANG_CXX_LANGUAGE_STANDARD = "gnu++0x";
				CLANG_CXX_LIBRARY = "libc++";
				CLANG_ENABLE_MODULES = YES;
				CLANG_ENABLE_OBJC_ARC = YES;
				CLANG_WARN_BOOL_CONVERSION = YES;
				CLANG_WARN_CONSTANT_CONVERSION = YES;
				CLANG_WARN_DIRECT_OBJC_ISA_USAGE = YES_ERROR;
				CLANG_WARN_EMPTY_BODY = YES;
				CLANG_WARN_ENUM_CONVERSION = YES;
				CLANG_WARN_INT_CONVERSION = YES;
				CLANG_WARN_OBJC_ROOT_CLASS = YES_ERROR;
				CLANG_WARN_UNREACHABLE_CODE = YES;
				CLANG_WARN__DUPLICATE_METHOD_MATCH = YES;
				"CODE_SIGN_IDENTITY[sdk=iphoneos*]" = "iPhone Developer";
				COPY_PHASE_STRIP = NO;
				DEBUG_INFORMATION_FORMAT = "dwarf-with-dsym";
				ENABLE_NS_ASSERTIONS = NO;
				ENABLE_STRICT_OBJC_MSGSEND = YES;
				GCC_C_LANGUAGE_STANDARD = gnu99;
				GCC_NO_COMMON_BLOCKS = YES;
				GCC_WARN_64_TO_32_BIT_CONVERSION = YES;
				GCC_WARN_ABOUT_RETURN_TYPE = YES_ERROR;
				GCC_WARN_UNDECLARED_SELECTOR = YES;
				GCC_WARN_UNINITIALIZED_AUTOS = YES_AGGRESSIVE;
				GCC_WARN_UNUSED_FUNCTION = YES;
				GCC_WARN_UNUSED_VARIABLE = YES;
				IPHONEOS_DEPLOYMENT_TARGET = 9.3;
				MTL_ENABLE_DEBUG_INFO = NO;
				SDKROOT = iphoneos;
				SWIFT_VERSION = 3.0;
				VALIDATE_PRODUCT = YES;
			};
			name = Release;
		};
		01E255011CCA288B004D7FA2 /* Debug */ = {
			isa = XCBuildConfiguration;
			buildSettings = {
				ASSETCATALOG_COMPILER_APPICON_NAME = AppIcon;
				CLANG_ENABLE_MODULES = YES;
				CODE_SIGN_IDENTITY = "iPhone Developer: Yuening Wu (Z5NZY5E4ZS)";
				COPY_PHASE_STRIP = YES;
				DEVELOPMENT_TEAM = AYCJR8SJVG;
				EMBEDDED_CONTENT_CONTAINS_SWIFT = YES;
				FRAMEWORK_SEARCH_PATHS = (
					"$(inherited)",
					"$(PROJECT_DIR)/XRVideoPlayer-master/Frameworks",
				);
				GCC_ENABLE_CPP_EXCEPTIONS = YES;
				GCC_ENABLE_CPP_RTTI = YES;
				GCC_ENABLE_OBJC_EXCEPTIONS = YES;
				GCC_PRECOMPILE_PREFIX_HEADER = YES;
				GCC_PREFIX_HEADER = "$(SRCROOT)/XRVideoPlayer-master/XRVideoPlayer-precompile.h";
				INFOPLIST_FILE = "XRVideoPlayer-master/Info.plist";
				IPHONEOS_DEPLOYMENT_TARGET = 7.0;
				LD_RUNPATH_SEARCH_PATHS = "$(inherited) @executable_path/Frameworks";
				ONLY_ACTIVE_ARCH = NO;
				OTHER_CFLAGS = "";
				PRODUCT_BUNDLE_IDENTIFIER = "com.kkguan.XRVideoPlayer-master";
				PRODUCT_NAME = "$(TARGET_NAME)";
				PROVISIONING_PROFILE = "83287429-57f5-42b6-931e-b16edf61dd46";
				PROVISIONING_PROFILE_SPECIFIER = DevelopAll;
				SWIFT_OBJC_BRIDGING_HEADER = "XRVideoPlayer-master/XRVideoPlayer-master-Bridging-Header.h";
				SWIFT_OPTIMIZATION_LEVEL = "-Onone";
				SWIFT_VERSION = 3.0;
			};
			name = Debug;
		};
		01E255021CCA288B004D7FA2 /* Release */ = {
			isa = XCBuildConfiguration;
			buildSettings = {
				ASSETCATALOG_COMPILER_APPICON_NAME = AppIcon;
				CLANG_ENABLE_MODULES = YES;
				CODE_SIGN_IDENTITY = "iPhone Developer: Yuening Wu (Z5NZY5E4ZS)";
				COPY_PHASE_STRIP = YES;
				DEVELOPMENT_TEAM = AYCJR8SJVG;
				EMBEDDED_CONTENT_CONTAINS_SWIFT = YES;
				FRAMEWORK_SEARCH_PATHS = (
					"$(inherited)",
					"$(PROJECT_DIR)/XRVideoPlayer-master/Frameworks",
				);
				GCC_ENABLE_CPP_EXCEPTIONS = YES;
				GCC_ENABLE_CPP_RTTI = YES;
				GCC_ENABLE_OBJC_EXCEPTIONS = YES;
				GCC_PRECOMPILE_PREFIX_HEADER = YES;
				GCC_PREFIX_HEADER = "$(SRCROOT)/XRVideoPlayer-master/XRVideoPlayer-precompile.h";
				INFOPLIST_FILE = "XRVideoPlayer-master/Info.plist";
				IPHONEOS_DEPLOYMENT_TARGET = 7.0;
				LD_RUNPATH_SEARCH_PATHS = "$(inherited) @executable_path/Frameworks";
				ONLY_ACTIVE_ARCH = NO;
				OTHER_CFLAGS = "";
				PRODUCT_BUNDLE_IDENTIFIER = "com.kkguan.XRVideoPlayer-master";
				PRODUCT_NAME = "$(TARGET_NAME)";
				PROVISIONING_PROFILE = "83287429-57f5-42b6-931e-b16edf61dd46";
				PROVISIONING_PROFILE_SPECIFIER = DevelopAll;
				SWIFT_OBJC_BRIDGING_HEADER = "XRVideoPlayer-master/XRVideoPlayer-master-Bridging-Header.h";
				SWIFT_VERSION = 3.0;
			};
			name = Release;
		};
		01E255041CCA288B004D7FA2 /* Debug */ = {
			isa = XCBuildConfiguration;
			buildSettings = {
				BUNDLE_LOADER = "$(TEST_HOST)";
				INFOPLIST_FILE = "XRVideoPlayer-masterTests/Info.plist";
				LD_RUNPATH_SEARCH_PATHS = "$(inherited) @executable_path/Frameworks @loader_path/Frameworks";
				PRODUCT_BUNDLE_IDENTIFIER = "com.kkguan.XRVideoPlayer-masterTests";
				PRODUCT_NAME = "$(TARGET_NAME)";
				SWIFT_VERSION = 3.0;
				TEST_HOST = "$(BUILT_PRODUCTS_DIR)/XRVideoPlayer-master.app/XRVideoPlayer-master";
			};
			name = Debug;
		};
		01E255051CCA288B004D7FA2 /* Release */ = {
			isa = XCBuildConfiguration;
			buildSettings = {
				BUNDLE_LOADER = "$(TEST_HOST)";
				INFOPLIST_FILE = "XRVideoPlayer-masterTests/Info.plist";
				LD_RUNPATH_SEARCH_PATHS = "$(inherited) @executable_path/Frameworks @loader_path/Frameworks";
				PRODUCT_BUNDLE_IDENTIFIER = "com.kkguan.XRVideoPlayer-masterTests";
				PRODUCT_NAME = "$(TARGET_NAME)";
				SWIFT_VERSION = 3.0;
				TEST_HOST = "$(BUILT_PRODUCTS_DIR)/XRVideoPlayer-master.app/XRVideoPlayer-master";
			};
			name = Release;
		};
		01E255071CCA288B004D7FA2 /* Debug */ = {
			isa = XCBuildConfiguration;
			buildSettings = {
				INFOPLIST_FILE = "XRVideoPlayer-masterUITests/Info.plist";
				LD_RUNPATH_SEARCH_PATHS = "$(inherited) @executable_path/Frameworks @loader_path/Frameworks";
				PRODUCT_BUNDLE_IDENTIFIER = "com.kkguan.XRVideoPlayer-masterUITests";
				PRODUCT_NAME = "$(TARGET_NAME)";
				SWIFT_VERSION = 3.0;
				TEST_TARGET_NAME = "XRVideoPlayer-master";
			};
			name = Debug;
		};
		01E255081CCA288B004D7FA2 /* Release */ = {
			isa = XCBuildConfiguration;
			buildSettings = {
				INFOPLIST_FILE = "XRVideoPlayer-masterUITests/Info.plist";
				LD_RUNPATH_SEARCH_PATHS = "$(inherited) @executable_path/Frameworks @loader_path/Frameworks";
				PRODUCT_BUNDLE_IDENTIFIER = "com.kkguan.XRVideoPlayer-masterUITests";
				PRODUCT_NAME = "$(TARGET_NAME)";
				SWIFT_VERSION = 3.0;
				TEST_TARGET_NAME = "XRVideoPlayer-master";
			};
			name = Release;
		};
/* End XCBuildConfiguration section */

/* Begin XCConfigurationList section */
		01E254D31CCA288A004D7FA2 /* Build configuration list for PBXProject "XRVideoPlayer-master" */ = {
			isa = XCConfigurationList;
			buildConfigurations = (
				01E254FE1CCA288B004D7FA2 /* Debug */,
				01E254FF1CCA288B004D7FA2 /* Release */,
			);
			defaultConfigurationIsVisible = 0;
			defaultConfigurationName = Release;
		};
		01E255001CCA288B004D7FA2 /* Build configuration list for PBXNativeTarget "XRVideoPlayer-master" */ = {
			isa = XCConfigurationList;
			buildConfigurations = (
				01E255011CCA288B004D7FA2 /* Debug */,
				01E255021CCA288B004D7FA2 /* Release */,
			);
			defaultConfigurationIsVisible = 0;
			defaultConfigurationName = Release;
		};
		01E255031CCA288B004D7FA2 /* Build configuration list for PBXNativeTarget "XRVideoPlayer-masterTests" */ = {
			isa = XCConfigurationList;
			buildConfigurations = (
				01E255041CCA288B004D7FA2 /* Debug */,
				01E255051CCA288B004D7FA2 /* Release */,
			);
			defaultConfigurationIsVisible = 0;
			defaultConfigurationName = Release;
		};
		01E255061CCA288B004D7FA2 /* Build configuration list for PBXNativeTarget "XRVideoPlayer-masterUITests" */ = {
			isa = XCConfigurationList;
			buildConfigurations = (
				01E255071CCA288B004D7FA2 /* Debug */,
				01E255081CCA288B004D7FA2 /* Release */,
			);
			defaultConfigurationIsVisible = 0;
			defaultConfigurationName = Release;
		};
/* End XCConfigurationList section */
	};
	rootObject = 01E254D01CCA288A004D7FA2 /* Project object */;
}
