// !$*UTF8*$!
{
	archiveVersion = 1;
	classes = {
	};
	objectVersion = 46;
	objects = {

/* Begin PBXBuildFile section */
		0105C2F21CCB680000F268E0 /* RegulationBrightness.swift in Sources */ = {isa = PBXBuildFile; fileRef = 0105C2F11CCB680000F268E0 /* RegulationBrightness.swift */; };
		013E53211CD06908009CA523 /* VideoListCell.swift in Sources */ = {isa = PBXBuildFile; fileRef = 013E53201CD06908009CA523 /* VideoListCell.swift */; };
		013E534C1CD06A5F009CA523 /* SnapKit.framework in Frameworks */ = {isa = PBXBuildFile; fileRef = 013E533F1CD06A2C009CA523 /* SnapKit.framework */; };
		013E534D1CD06A5F009CA523 /* SnapKit.framework in Embed Frameworks */ = {isa = PBXBuildFile; fileRef = 013E533F1CD06A2C009CA523 /* SnapKit.framework */; settings = {ATTRIBUTES = (CodeSignOnCopy, RemoveHeadersOnCopy, ); }; };
		013E535D1CD0B0AC009CA523 /* AsyncImageCache.swift in Sources */ = {isa = PBXBuildFile; fileRef = 013E535A1CD0B0AC009CA523 /* AsyncImageCache.swift */; };
		013E535E1CD0B0AC009CA523 /* AsyncImageDownloader.swift in Sources */ = {isa = PBXBuildFile; fileRef = 013E535B1CD0B0AC009CA523 /* AsyncImageDownloader.swift */; };
		013E535F1CD0B0AC009CA523 /* UIImageView+AsyncImageCache.swift in Sources */ = {isa = PBXBuildFile; fileRef = 013E535C1CD0B0AC009CA523 /* UIImageView+AsyncImageCache.swift */; };
		013E53721CD0BF0B009CA523 /* CryptoSwift.framework in Frameworks */ = {isa = PBXBuildFile; fileRef = 013E53691CD0BEFE009CA523 /* CryptoSwift.framework */; };
		013E53731CD0BF0B009CA523 /* CryptoSwift.framework in Embed Frameworks */ = {isa = PBXBuildFile; fileRef = 013E53691CD0BEFE009CA523 /* CryptoSwift.framework */; settings = {ATTRIBUTES = (CodeSignOnCopy, RemoveHeadersOnCopy, ); }; };
		01BD7AFE1CCF3E1600BE6587 /* VideoPlayLIstViewController.swift in Sources */ = {isa = PBXBuildFile; fileRef = 01BD7AFD1CCF3E1600BE6587 /* VideoPlayLIstViewController.swift */; };
		01C23B3D1CD05FED00AF2B91 /* VideoListModel.swift in Sources */ = {isa = PBXBuildFile; fileRef = 01C23B3C1CD05FED00AF2B91 /* VideoListModel.swift */; };
		01C2A97F1CCE165E001342D4 /* player-progress-point-h@2x.png in Resources */ = {isa = PBXBuildFile; fileRef = 01C2A97D1CCE165E001342D4 /* player-progress-point-h@2x.png */; };
		01C2A9801CCE165E001342D4 /* player-progress-point-h@3x.png in Resources */ = {isa = PBXBuildFile; fileRef = 01C2A97E1CCE165E001342D4 /* player-progress-point-h@3x.png */; };
		01C2A9861CCE166E001342D4 /* player_loadin_1@2x.png in Resources */ = {isa = PBXBuildFile; fileRef = 01C2A9811CCE166E001342D4 /* player_loadin_1@2x.png */; };
		01C2A9871CCE166E001342D4 /* player_loadin_2@2x.png in Resources */ = {isa = PBXBuildFile; fileRef = 01C2A9821CCE166E001342D4 /* player_loadin_2@2x.png */; };
		01C2A9881CCE166E001342D4 /* player_loadin_3@2x.png in Resources */ = {isa = PBXBuildFile; fileRef = 01C2A9831CCE166E001342D4 /* player_loadin_3@2x.png */; };
		01C2A9891CCE166E001342D4 /* player_loadin_4@2x.png in Resources */ = {isa = PBXBuildFile; fileRef = 01C2A9841CCE166E001342D4 /* player_loadin_4@2x.png */; };
		01C2A98A1CCE166E001342D4 /* player_loadin_5@2x.png in Resources */ = {isa = PBXBuildFile; fileRef = 01C2A9851CCE166E001342D4 /* player_loadin_5@2x.png */; };
		01DD69861CD1BFCB006B8607 /* Alamofire+Extension.swift in Sources */ = {isa = PBXBuildFile; fileRef = 01DD69841CD1BFCB006B8607 /* Alamofire+Extension.swift */; };
		01DD69871CD1BFCB006B8607 /* XRRequest.swift in Sources */ = {isa = PBXBuildFile; fileRef = 01DD69851CD1BFCB006B8607 /* XRRequest.swift */; };
		01DD698C1CD1C081006B8607 /* XRActivityInditor.swift in Sources */ = {isa = PBXBuildFile; fileRef = 01DD69891CD1C081006B8607 /* XRActivityInditor.swift */; };
		01DD698D1CD1C081006B8607 /* XRVideoPlayer.swift in Sources */ = {isa = PBXBuildFile; fileRef = 01DD698A1CD1C081006B8607 /* XRVideoPlayer.swift */; };
		01DD698E1CD1C081006B8607 /* XRVideoToolBottomView.swift in Sources */ = {isa = PBXBuildFile; fileRef = 01DD698B1CD1C081006B8607 /* XRVideoToolBottomView.swift */; };
		01E254DC1CCA288A004D7FA2 /* AppDelegate.swift in Sources */ = {isa = PBXBuildFile; fileRef = 01E254DB1CCA288A004D7FA2 /* AppDelegate.swift */; };
		01E254DE1CCA288A004D7FA2 /* ViewController.swift in Sources */ = {isa = PBXBuildFile; fileRef = 01E254DD1CCA288A004D7FA2 /* ViewController.swift */; };
		01E254E11CCA288A004D7FA2 /* Main.storyboard in Resources */ = {isa = PBXBuildFile; fileRef = 01E254DF1CCA288A004D7FA2 /* Main.storyboard */; };
		01E254E31CCA288A004D7FA2 /* Assets.xcassets in Resources */ = {isa = PBXBuildFile; fileRef = 01E254E21CCA288A004D7FA2 /* Assets.xcassets */; };
		01E254E61CCA288A004D7FA2 /* LaunchScreen.storyboard in Resources */ = {isa = PBXBuildFile; fileRef = 01E254E41CCA288A004D7FA2 /* LaunchScreen.storyboard */; };
		01E254F11CCA288B004D7FA2 /* XRVideoPlayer_masterTests.swift in Sources */ = {isa = PBXBuildFile; fileRef = 01E254F01CCA288B004D7FA2 /* XRVideoPlayer_masterTests.swift */; };
		01E254FC1CCA288B004D7FA2 /* XRVideoPlayer_masterUITests.swift in Sources */ = {isa = PBXBuildFile; fileRef = 01E254FB1CCA288B004D7FA2 /* XRVideoPlayer_masterUITests.swift */; };
		01E255141CCA404B004D7FA2 /* VideoPlayViewController.swift in Sources */ = {isa = PBXBuildFile; fileRef = 01E255131CCA404B004D7FA2 /* VideoPlayViewController.swift */; };
		01F818BF1CCF87FD0007B4EE /* SwiftyJSON.framework in Frameworks */ = {isa = PBXBuildFile; fileRef = 01F818B21CCF87C70007B4EE /* SwiftyJSON.framework */; };
		01F818C01CCF87FD0007B4EE /* SwiftyJSON.framework in Embed Frameworks */ = {isa = PBXBuildFile; fileRef = 01F818B21CCF87C70007B4EE /* SwiftyJSON.framework */; settings = {ATTRIBUTES = (CodeSignOnCopy, RemoveHeadersOnCopy, ); }; };
		01F818C31CCF88020007B4EE /* Alamofire.framework in Frameworks */ = {isa = PBXBuildFile; fileRef = 01F8189A1CCF87A00007B4EE /* Alamofire.framework */; };
		01F818C41CCF88020007B4EE /* Alamofire.framework in Embed Frameworks */ = {isa = PBXBuildFile; fileRef = 01F8189A1CCF87A00007B4EE /* Alamofire.framework */; settings = {ATTRIBUTES = (CodeSignOnCopy, RemoveHeadersOnCopy, ); }; };
		01F818E01CCF94DC0007B4EE /* ObjectMapper.framework in Frameworks */ = {isa = PBXBuildFile; fileRef = 01F818D31CCF94C50007B4EE /* ObjectMapper.framework */; };
		01F818E11CCF94DC0007B4EE /* ObjectMapper.framework in Embed Frameworks */ = {isa = PBXBuildFile; fileRef = 01F818D31CCF94C50007B4EE /* ObjectMapper.framework */; settings = {ATTRIBUTES = (CodeSignOnCopy, RemoveHeadersOnCopy, ); }; };
/* End PBXBuildFile section */

/* Begin PBXContainerItemProxy section */
		013E533E1CD06A2C009CA523 /* PBXContainerItemProxy */ = {
			isa = PBXContainerItemProxy;
			containerPortal = 013E53341CD06A2B009CA523 /* SnapKit.xcodeproj */;
			proxyType = 2;
			remoteGlobalIDString = EEBCC9D819CC627D0083B827;
			remoteInfo = "SnapKit iOS";
		};
		013E53401CD06A2C009CA523 /* PBXContainerItemProxy */ = {
			isa = PBXContainerItemProxy;
			containerPortal = 013E53341CD06A2B009CA523 /* SnapKit.xcodeproj */;
			proxyType = 2;
			remoteGlobalIDString = 537DCE921C35CC8800B5B899;
			remoteInfo = "SnapKit tvOS";
		};
		013E53421CD06A2C009CA523 /* PBXContainerItemProxy */ = {
			isa = PBXContainerItemProxy;
			containerPortal = 013E53341CD06A2B009CA523 /* SnapKit.xcodeproj */;
			proxyType = 2;
			remoteGlobalIDString = EECDB37A1AC0C9D4006BBC11;
			remoteInfo = "SnapKit OSX";
		};
		013E53441CD06A2C009CA523 /* PBXContainerItemProxy */ = {
			isa = PBXContainerItemProxy;
			containerPortal = 013E53341CD06A2B009CA523 /* SnapKit.xcodeproj */;
			proxyType = 2;
			remoteGlobalIDString = EEBCC9E219CC627E0083B827;
			remoteInfo = "SnapKit iOS Tests";
		};
		013E53461CD06A2C009CA523 /* PBXContainerItemProxy */ = {
			isa = PBXContainerItemProxy;
			containerPortal = 013E53341CD06A2B009CA523 /* SnapKit.xcodeproj */;
			proxyType = 2;
			remoteGlobalIDString = 537DCEAF1C35D90A00B5B899;
			remoteInfo = "SnapKit tvOS Tests";
		};
		013E53481CD06A2C009CA523 /* PBXContainerItemProxy */ = {
			isa = PBXContainerItemProxy;
			containerPortal = 013E53341CD06A2B009CA523 /* SnapKit.xcodeproj */;
			proxyType = 2;
			remoteGlobalIDString = EECDB3841AC0C9D4006BBC11;
			remoteInfo = "SnapKit OSX Tests";
		};
		013E534A1CD06A2C009CA523 /* PBXContainerItemProxy */ = {
			isa = PBXContainerItemProxy;
			containerPortal = 013E53341CD06A2B009CA523 /* SnapKit.xcodeproj */;
			proxyType = 2;
			remoteGlobalIDString = 56A0DC091C859E30005973AB;
			remoteInfo = "Example-iOS";
		};
		013E534E1CD06A5F009CA523 /* PBXContainerItemProxy */ = {
			isa = PBXContainerItemProxy;
			containerPortal = 013E53341CD06A2B009CA523 /* SnapKit.xcodeproj */;
			proxyType = 1;
			remoteGlobalIDString = EEBCC9D719CC627D0083B827;
			remoteInfo = "SnapKit iOS";
		};
		013E53681CD0BEFE009CA523 /* PBXContainerItemProxy */ = {
			isa = PBXContainerItemProxy;
			containerPortal = 013E53601CD0BEFD009CA523 /* CryptoSwift.xcodeproj */;
			proxyType = 2;
			remoteGlobalIDString = 754BE45519693E190098E6F3;
			remoteInfo = "CryptoSwift iOS";
		};
		013E536A1CD0BEFE009CA523 /* PBXContainerItemProxy */ = {
			isa = PBXContainerItemProxy;
			containerPortal = 013E53601CD0BEFD009CA523 /* CryptoSwift.xcodeproj */;
			proxyType = 2;
			remoteGlobalIDString = 5596BDBB1BC8F220007E38D5;
			remoteInfo = "CryptoSwift watchOS";
		};
		013E536C1CD0BEFE009CA523 /* PBXContainerItemProxy */ = {
			isa = PBXContainerItemProxy;
			containerPortal = 013E53601CD0BEFD009CA523 /* CryptoSwift.xcodeproj */;
			proxyType = 2;
			remoteGlobalIDString = 75DF77721BC8EB59006E9520;
			remoteInfo = "CryptoSwift OSX";
		};
		013E536E1CD0BEFE009CA523 /* PBXContainerItemProxy */ = {
			isa = PBXContainerItemProxy;
			containerPortal = 013E53601CD0BEFD009CA523 /* CryptoSwift.xcodeproj */;
			proxyType = 2;
			remoteGlobalIDString = 75D614BF1BD844F2001358B2;
			remoteInfo = "CryptoSwift tvOS";
		};
		013E53701CD0BEFE009CA523 /* PBXContainerItemProxy */ = {
			isa = PBXContainerItemProxy;
			containerPortal = 013E53601CD0BEFD009CA523 /* CryptoSwift.xcodeproj */;
			proxyType = 2;
			remoteGlobalIDString = 754BE46019693E190098E6F3;
			remoteInfo = CryptoSwiftTests;
		};
		013E53741CD0BF0B009CA523 /* PBXContainerItemProxy */ = {
			isa = PBXContainerItemProxy;
			containerPortal = 013E53601CD0BEFD009CA523 /* CryptoSwift.xcodeproj */;
			proxyType = 1;
			remoteGlobalIDString = 754BE45419693E190098E6F3;
			remoteInfo = "CryptoSwift iOS";
		};
		01E254ED1CCA288B004D7FA2 /* PBXContainerItemProxy */ = {
			isa = PBXContainerItemProxy;
			containerPortal = 01E254D01CCA288A004D7FA2 /* Project object */;
			proxyType = 1;
			remoteGlobalIDString = 01E254D71CCA288A004D7FA2;
			remoteInfo = "XRVideoPlayer-master";
		};
		01E254F81CCA288B004D7FA2 /* PBXContainerItemProxy */ = {
			isa = PBXContainerItemProxy;
			containerPortal = 01E254D01CCA288A004D7FA2 /* Project object */;
			proxyType = 1;
			remoteGlobalIDString = 01E254D71CCA288A004D7FA2;
			remoteInfo = "XRVideoPlayer-master";
		};
		01F818991CCF87A00007B4EE /* PBXContainerItemProxy */ = {
			isa = PBXContainerItemProxy;
			containerPortal = 01F8188F1CCF87A00007B4EE /* Alamofire.xcodeproj */;
			proxyType = 2;
			remoteGlobalIDString = F8111E3319A95C8B0040E7D1;
			remoteInfo = "Alamofire iOS";
		};
		01F8189B1CCF87A00007B4EE /* PBXContainerItemProxy */ = {
			isa = PBXContainerItemProxy;
			containerPortal = 01F8188F1CCF87A00007B4EE /* Alamofire.xcodeproj */;
			proxyType = 2;
			remoteGlobalIDString = F8111E3E19A95C8B0040E7D1;
			remoteInfo = "Alamofire iOS Tests";
		};
		01F8189D1CCF87A00007B4EE /* PBXContainerItemProxy */ = {
			isa = PBXContainerItemProxy;
			containerPortal = 01F8188F1CCF87A00007B4EE /* Alamofire.xcodeproj */;
			proxyType = 2;
			remoteGlobalIDString = 4DD67C0B1A5C55C900ED2280;
			remoteInfo = "Alamofire OSX";
		};
		01F8189F1CCF87A00007B4EE /* PBXContainerItemProxy */ = {
			isa = PBXContainerItemProxy;
			containerPortal = 01F8188F1CCF87A00007B4EE /* Alamofire.xcodeproj */;
			proxyType = 2;
			remoteGlobalIDString = F829C6B21A7A94F100A2CD59;
			remoteInfo = "Alamofire OSX Tests";
		};
		01F818A11CCF87A00007B4EE /* PBXContainerItemProxy */ = {
			isa = PBXContainerItemProxy;
			containerPortal = 01F8188F1CCF87A00007B4EE /* Alamofire.xcodeproj */;
			proxyType = 2;
			remoteGlobalIDString = 4CF626EF1BA7CB3E0011A099;
			remoteInfo = "Alamofire tvOS";
		};
		01F818A31CCF87A00007B4EE /* PBXContainerItemProxy */ = {
			isa = PBXContainerItemProxy;
			containerPortal = 01F8188F1CCF87A00007B4EE /* Alamofire.xcodeproj */;
			proxyType = 2;
			remoteGlobalIDString = 4CF626F81BA7CB3E0011A099;
			remoteInfo = "Alamofire tvOS Tests";
		};
		01F818A51CCF87A00007B4EE /* PBXContainerItemProxy */ = {
			isa = PBXContainerItemProxy;
			containerPortal = 01F8188F1CCF87A00007B4EE /* Alamofire.xcodeproj */;
			proxyType = 2;
			remoteGlobalIDString = E4202FE01B667AA100C997FB;
			remoteInfo = "Alamofire watchOS";
		};
		01F818B11CCF87C70007B4EE /* PBXContainerItemProxy */ = {
			isa = PBXContainerItemProxy;
			containerPortal = 01F818A71CCF87C70007B4EE /* SwiftyJSON.xcodeproj */;
			proxyType = 2;
			remoteGlobalIDString = 2E4FEFDB19575BE100351305;
			remoteInfo = "SwiftyJSON iOS";
		};
		01F818B31CCF87C70007B4EE /* PBXContainerItemProxy */ = {
			isa = PBXContainerItemProxy;
			containerPortal = 01F818A71CCF87C70007B4EE /* SwiftyJSON.xcodeproj */;
			proxyType = 2;
			remoteGlobalIDString = 2E4FEFE619575BE100351305;
			remoteInfo = "SwiftyJSON iOS Tests";
		};
		01F818B51CCF87C70007B4EE /* PBXContainerItemProxy */ = {
			isa = PBXContainerItemProxy;
			containerPortal = 01F818A71CCF87C70007B4EE /* SwiftyJSON.xcodeproj */;
			proxyType = 2;
			remoteGlobalIDString = 9C7DFC5B1A9102BD005AA3F7;
			remoteInfo = "SwiftyJSON OSX";
		};
		01F818B71CCF87C70007B4EE /* PBXContainerItemProxy */ = {
			isa = PBXContainerItemProxy;
			containerPortal = 01F818A71CCF87C70007B4EE /* SwiftyJSON.xcodeproj */;
			proxyType = 2;
			remoteGlobalIDString = 9C7DFC651A9102BD005AA3F7;
			remoteInfo = "SwiftyJSON OSX Tests";
		};
		01F818B91CCF87C70007B4EE /* PBXContainerItemProxy */ = {
			isa = PBXContainerItemProxy;
			containerPortal = 01F818A71CCF87C70007B4EE /* SwiftyJSON.xcodeproj */;
			proxyType = 2;
			remoteGlobalIDString = E4D7CCE81B9465A700EE7221;
			remoteInfo = "SwiftyJSON watchOS";
		};
		01F818BB1CCF87C70007B4EE /* PBXContainerItemProxy */ = {
			isa = PBXContainerItemProxy;
			containerPortal = 01F818A71CCF87C70007B4EE /* SwiftyJSON.xcodeproj */;
			proxyType = 2;
			remoteGlobalIDString = 7236B4F61BAC14150020529B;
			remoteInfo = "SwiftyJSON tvOS";
		};
		01F818BD1CCF87C70007B4EE /* PBXContainerItemProxy */ = {
			isa = PBXContainerItemProxy;
			containerPortal = 01F818A71CCF87C70007B4EE /* SwiftyJSON.xcodeproj */;
			proxyType = 2;
			remoteGlobalIDString = A8580F741BCF5C5B00DA927B;
			remoteInfo = "SwiftyJSON tvOS Tests";
		};
		01F818C11CCF87FD0007B4EE /* PBXContainerItemProxy */ = {
			isa = PBXContainerItemProxy;
			containerPortal = 01F818A71CCF87C70007B4EE /* SwiftyJSON.xcodeproj */;
			proxyType = 1;
			remoteGlobalIDString = 2E4FEFDA19575BE100351305;
			remoteInfo = "SwiftyJSON iOS";
		};
		01F818C51CCF88020007B4EE /* PBXContainerItemProxy */ = {
			isa = PBXContainerItemProxy;
			containerPortal = 01F8188F1CCF87A00007B4EE /* Alamofire.xcodeproj */;
			proxyType = 1;
			remoteGlobalIDString = F8111E3219A95C8B0040E7D1;
			remoteInfo = "Alamofire iOS";
		};
		01F818D21CCF94C50007B4EE /* PBXContainerItemProxy */ = {
			isa = PBXContainerItemProxy;
			containerPortal = 01F818C81CCF94C50007B4EE /* ObjectMapper.xcodeproj */;
			proxyType = 2;
			remoteGlobalIDString = 6AAC8F7619F03C2900E7A677;
			remoteInfo = "ObjectMapper-iOS";
		};
		01F818D41CCF94C50007B4EE /* PBXContainerItemProxy */ = {
			isa = PBXContainerItemProxy;
			containerPortal = 01F818C81CCF94C50007B4EE /* ObjectMapper.xcodeproj */;
			proxyType = 2;
			remoteGlobalIDString = CD1602FF1AC023D5000CD69A;
			remoteInfo = "ObjectMapper-Mac";
		};
		01F818D61CCF94C50007B4EE /* PBXContainerItemProxy */ = {
			isa = PBXContainerItemProxy;
			containerPortal = 01F818C81CCF94C50007B4EE /* ObjectMapper.xcodeproj */;
			proxyType = 2;
			remoteGlobalIDString = 6A2AD03D1B2C78540097E150;
			remoteInfo = "ObjectMapper-watchOS";
		};
		01F818D81CCF94C50007B4EE /* PBXContainerItemProxy */ = {
			isa = PBXContainerItemProxy;
			containerPortal = 01F818C81CCF94C50007B4EE /* ObjectMapper.xcodeproj */;
			proxyType = 2;
			remoteGlobalIDString = 6A05B7A61BE274BE00F19B53;
			remoteInfo = "ObjectMapper-tvOS";
		};
		01F818DA1CCF94C50007B4EE /* PBXContainerItemProxy */ = {
			isa = PBXContainerItemProxy;
			containerPortal = 01F818C81CCF94C50007B4EE /* ObjectMapper.xcodeproj */;
			proxyType = 2;
			remoteGlobalIDString = 6AAC8F8119F03C2900E7A677;
			remoteInfo = "ObjectMapper-iOSTests";
		};
		01F818DC1CCF94C50007B4EE /* PBXContainerItemProxy */ = {
			isa = PBXContainerItemProxy;
			containerPortal = 01F818C81CCF94C50007B4EE /* ObjectMapper.xcodeproj */;
			proxyType = 2;
			remoteGlobalIDString = CD1603091AC023D6000CD69A;
			remoteInfo = "ObjectMapper-MacTests";
		};
		01F818DE1CCF94C50007B4EE /* PBXContainerItemProxy */ = {
			isa = PBXContainerItemProxy;
			containerPortal = 01F818C81CCF94C50007B4EE /* ObjectMapper.xcodeproj */;
			proxyType = 2;
			remoteGlobalIDString = 6A05B7AF1BE274BE00F19B53;
			remoteInfo = "ObjectMapper-tvOSTests";
		};
		01F818E21CCF94DC0007B4EE /* PBXContainerItemProxy */ = {
			isa = PBXContainerItemProxy;
			containerPortal = 01F818C81CCF94C50007B4EE /* ObjectMapper.xcodeproj */;
			proxyType = 1;
			remoteGlobalIDString = 6AAC8F7519F03C2900E7A677;
			remoteInfo = "ObjectMapper-iOS";
		};
/* End PBXContainerItemProxy section */

/* Begin PBXCopyFilesBuildPhase section */
		01BD7B1F1CCF4DB200BE6587 /* Embed Frameworks */ = {
			isa = PBXCopyFilesBuildPhase;
			buildActionMask = 2147483647;
			dstPath = "";
			dstSubfolderSpec = 10;
			files = (
				01F818E11CCF94DC0007B4EE /* ObjectMapper.framework in Embed Frameworks */,
				01F818C01CCF87FD0007B4EE /* SwiftyJSON.framework in Embed Frameworks */,
				01F818C41CCF88020007B4EE /* Alamofire.framework in Embed Frameworks */,
				013E53731CD0BF0B009CA523 /* CryptoSwift.framework in Embed Frameworks */,
				013E534D1CD06A5F009CA523 /* SnapKit.framework in Embed Frameworks */,
			);
			name = "Embed Frameworks";
			runOnlyForDeploymentPostprocessing = 0;
		};
/* End PBXCopyFilesBuildPhase section */

/* Begin PBXFileReference section */
		0105C2F11CCB680000F268E0 /* RegulationBrightness.swift */ = {isa = PBXFileReference; fileEncoding = 4; lastKnownFileType = sourcecode.swift; path = RegulationBrightness.swift; sourceTree = "<group>"; };
		013E53201CD06908009CA523 /* VideoListCell.swift */ = {isa = PBXFileReference; fileEncoding = 4; lastKnownFileType = sourcecode.swift; path = VideoListCell.swift; sourceTree = "<group>"; };
		013E53341CD06A2B009CA523 /* SnapKit.xcodeproj */ = {isa = PBXFileReference; lastKnownFileType = "wrapper.pb-project"; name = SnapKit.xcodeproj; path = SnapKit/SnapKit.xcodeproj; sourceTree = "<group>"; };
		013E535A1CD0B0AC009CA523 /* AsyncImageCache.swift */ = {isa = PBXFileReference; fileEncoding = 4; lastKnownFileType = sourcecode.swift; path = AsyncImageCache.swift; sourceTree = "<group>"; };
		013E535B1CD0B0AC009CA523 /* AsyncImageDownloader.swift */ = {isa = PBXFileReference; fileEncoding = 4; lastKnownFileType = sourcecode.swift; path = AsyncImageDownloader.swift; sourceTree = "<group>"; };
		013E535C1CD0B0AC009CA523 /* UIImageView+AsyncImageCache.swift */ = {isa = PBXFileReference; fileEncoding = 4; lastKnownFileType = sourcecode.swift; path = "UIImageView+AsyncImageCache.swift"; sourceTree = "<group>"; };
		013E53601CD0BEFD009CA523 /* CryptoSwift.xcodeproj */ = {isa = PBXFileReference; lastKnownFileType = "wrapper.pb-project"; name = CryptoSwift.xcodeproj; path = CryptoSwift/CryptoSwift.xcodeproj; sourceTree = "<group>"; };
		01BD7AFD1CCF3E1600BE6587 /* VideoPlayLIstViewController.swift */ = {isa = PBXFileReference; fileEncoding = 4; lastKnownFileType = sourcecode.swift; path = VideoPlayLIstViewController.swift; sourceTree = "<group>"; };
		01BD7AFF1CCF3EDD00BE6587 /* XRVideoPlayer-master-Bridging-Header.h */ = {isa = PBXFileReference; lastKnownFileType = sourcecode.c.h; path = "XRVideoPlayer-master-Bridging-Header.h"; sourceTree = "<group>"; };
		01C23B3C1CD05FED00AF2B91 /* VideoListModel.swift */ = {isa = PBXFileReference; fileEncoding = 4; lastKnownFileType = sourcecode.swift; name = VideoListModel.swift; path = "XRVideoPlayer-master/VideoListModel.swift"; sourceTree = SOURCE_ROOT; };
		01C2A97D1CCE165E001342D4 /* player-progress-point-h@2x.png */ = {isa = PBXFileReference; lastKnownFileType = image.png; path = "player-progress-point-h@2x.png"; sourceTree = "<group>"; };
		01C2A97E1CCE165E001342D4 /* player-progress-point-h@3x.png */ = {isa = PBXFileReference; lastKnownFileType = image.png; path = "player-progress-point-h@3x.png"; sourceTree = "<group>"; };
		01C2A9811CCE166E001342D4 /* player_loadin_1@2x.png */ = {isa = PBXFileReference; lastKnownFileType = image.png; path = "player_loadin_1@2x.png"; sourceTree = "<group>"; };
		01C2A9821CCE166E001342D4 /* player_loadin_2@2x.png */ = {isa = PBXFileReference; lastKnownFileType = image.png; path = "player_loadin_2@2x.png"; sourceTree = "<group>"; };
		01C2A9831CCE166E001342D4 /* player_loadin_3@2x.png */ = {isa = PBXFileReference; lastKnownFileType = image.png; path = "player_loadin_3@2x.png"; sourceTree = "<group>"; };
		01C2A9841CCE166E001342D4 /* player_loadin_4@2x.png */ = {isa = PBXFileReference; lastKnownFileType = image.png; path = "player_loadin_4@2x.png"; sourceTree = "<group>"; };
		01C2A9851CCE166E001342D4 /* player_loadin_5@2x.png */ = {isa = PBXFileReference; lastKnownFileType = image.png; path = "player_loadin_5@2x.png"; sourceTree = "<group>"; };
		01DD69841CD1BFCB006B8607 /* Alamofire+Extension.swift */ = {isa = PBXFileReference; fileEncoding = 4; lastKnownFileType = sourcecode.swift; path = "Alamofire+Extension.swift"; sourceTree = "<group>"; };
		01DD69851CD1BFCB006B8607 /* XRRequest.swift */ = {isa = PBXFileReference; fileEncoding = 4; lastKnownFileType = sourcecode.swift; path = XRRequest.swift; sourceTree = "<group>"; };
		01DD69891CD1C081006B8607 /* XRActivityInditor.swift */ = {isa = PBXFileReference; fileEncoding = 4; lastKnownFileType = sourcecode.swift; path = XRActivityInditor.swift; sourceTree = "<group>"; };
		01DD698A1CD1C081006B8607 /* XRVideoPlayer.swift */ = {isa = PBXFileReference; fileEncoding = 4; lastKnownFileType = sourcecode.swift; path = XRVideoPlayer.swift; sourceTree = "<group>"; };
		01DD698B1CD1C081006B8607 /* XRVideoToolBottomView.swift */ = {isa = PBXFileReference; fileEncoding = 4; lastKnownFileType = sourcecode.swift; path = XRVideoToolBottomView.swift; sourceTree = "<group>"; };
		01E254D81CCA288A004D7FA2 /* XRVideoPlayer-master.app */ = {isa = PBXFileReference; explicitFileType = wrapper.application; includeInIndex = 0; path = "XRVideoPlayer-master.app"; sourceTree = BUILT_PRODUCTS_DIR; };
		01E254DB1CCA288A004D7FA2 /* AppDelegate.swift */ = {isa = PBXFileReference; lastKnownFileType = sourcecode.swift; path = AppDelegate.swift; sourceTree = "<group>"; };
		01E254DD1CCA288A004D7FA2 /* ViewController.swift */ = {isa = PBXFileReference; lastKnownFileType = sourcecode.swift; path = ViewController.swift; sourceTree = "<group>"; };
		01E254E01CCA288A004D7FA2 /* Base */ = {isa = PBXFileReference; lastKnownFileType = file.storyboard; name = Base; path = Base.lproj/Main.storyboard; sourceTree = "<group>"; };
		01E254E21CCA288A004D7FA2 /* Assets.xcassets */ = {isa = PBXFileReference; lastKnownFileType = folder.assetcatalog; path = Assets.xcassets; sourceTree = "<group>"; };
		01E254E51CCA288A004D7FA2 /* Base */ = {isa = PBXFileReference; lastKnownFileType = file.storyboard; name = Base; path = Base.lproj/LaunchScreen.storyboard; sourceTree = "<group>"; };
		01E254E71CCA288A004D7FA2 /* Info.plist */ = {isa = PBXFileReference; lastKnownFileType = text.plist.xml; path = Info.plist; sourceTree = "<group>"; };
		01E254EC1CCA288B004D7FA2 /* XRVideoPlayer-masterTests.xctest */ = {isa = PBXFileReference; explicitFileType = wrapper.cfbundle; includeInIndex = 0; path = "XRVideoPlayer-masterTests.xctest"; sourceTree = BUILT_PRODUCTS_DIR; };
		01E254F01CCA288B004D7FA2 /* XRVideoPlayer_masterTests.swift */ = {isa = PBXFileReference; lastKnownFileType = sourcecode.swift; path = XRVideoPlayer_masterTests.swift; sourceTree = "<group>"; };
		01E254F21CCA288B004D7FA2 /* Info.plist */ = {isa = PBXFileReference; lastKnownFileType = text.plist.xml; path = Info.plist; sourceTree = "<group>"; };
		01E254F71CCA288B004D7FA2 /* XRVideoPlayer-masterUITests.xctest */ = {isa = PBXFileReference; explicitFileType = wrapper.cfbundle; includeInIndex = 0; path = "XRVideoPlayer-masterUITests.xctest"; sourceTree = BUILT_PRODUCTS_DIR; };
		01E254FB1CCA288B004D7FA2 /* XRVideoPlayer_masterUITests.swift */ = {isa = PBXFileReference; lastKnownFileType = sourcecode.swift; path = XRVideoPlayer_masterUITests.swift; sourceTree = "<group>"; };
		01E254FD1CCA288B004D7FA2 /* Info.plist */ = {isa = PBXFileReference; lastKnownFileType = text.plist.xml; path = Info.plist; sourceTree = "<group>"; };
		01E255101CCA297B004D7FA2 /* ProConfig.h */ = {isa = PBXFileReference; lastKnownFileType = sourcecode.c.h; path = ProConfig.h; sourceTree = "<group>"; };
		01E255131CCA404B004D7FA2 /* VideoPlayViewController.swift */ = {isa = PBXFileReference; fileEncoding = 4; lastKnownFileType = sourcecode.swift; path = VideoPlayViewController.swift; sourceTree = "<group>"; };
		01F8185E1CCF631E0007B4EE /* XRVideoPlayer-precompile.h */ = {isa = PBXFileReference; lastKnownFileType = sourcecode.c.h; path = "XRVideoPlayer-precompile.h"; sourceTree = "<group>"; };
		01F8188F1CCF87A00007B4EE /* Alamofire.xcodeproj */ = {isa = PBXFileReference; lastKnownFileType = "wrapper.pb-project"; name = Alamofire.xcodeproj; path = Alamofire/Alamofire.xcodeproj; sourceTree = "<group>"; };
		01F818A71CCF87C70007B4EE /* SwiftyJSON.xcodeproj */ = {isa = PBXFileReference; lastKnownFileType = "wrapper.pb-project"; name = SwiftyJSON.xcodeproj; path = SwiftyJSON/SwiftyJSON.xcodeproj; sourceTree = "<group>"; };
		01F818C81CCF94C50007B4EE /* ObjectMapper.xcodeproj */ = {isa = PBXFileReference; lastKnownFileType = "wrapper.pb-project"; name = ObjectMapper.xcodeproj; path = ObjectMapper/ObjectMapper.xcodeproj; sourceTree = "<group>"; };
/* End PBXFileReference section */

/* Begin PBXFrameworksBuildPhase section */
		01E254D51CCA288A004D7FA2 /* Frameworks */ = {
			isa = PBXFrameworksBuildPhase;
			buildActionMask = 2147483647;
			files = (
				01F818E01CCF94DC0007B4EE /* ObjectMapper.framework in Frameworks */,
				01F818BF1CCF87FD0007B4EE /* SwiftyJSON.framework in Frameworks */,
				01F818C31CCF88020007B4EE /* Alamofire.framework in Frameworks */,
				013E53721CD0BF0B009CA523 /* CryptoSwift.framework in Frameworks */,
				013E534C1CD06A5F009CA523 /* SnapKit.framework in Frameworks */,
			);
			runOnlyForDeploymentPostprocessing = 0;
		};
		01E254E91CCA288B004D7FA2 /* Frameworks */ = {
			isa = PBXFrameworksBuildPhase;
			buildActionMask = 2147483647;
			files = (
			);
			runOnlyForDeploymentPostprocessing = 0;
		};
		01E254F41CCA288B004D7FA2 /* Frameworks */ = {
			isa = PBXFrameworksBuildPhase;
			buildActionMask = 2147483647;
			files = (
			);
			runOnlyForDeploymentPostprocessing = 0;
		};
/* End PBXFrameworksBuildPhase section */

/* Begin PBXGroup section */
		01276EE11CCDCD4400EB5C05 /* Resources */ = {
			isa = PBXGroup;
			children = (
				01C2A9811CCE166E001342D4 /* player_loadin_1@2x.png */,
				01C2A9821CCE166E001342D4 /* player_loadin_2@2x.png */,
				01C2A9831CCE166E001342D4 /* player_loadin_3@2x.png */,
				01C2A9841CCE166E001342D4 /* player_loadin_4@2x.png */,
				01C2A9851CCE166E001342D4 /* player_loadin_5@2x.png */,
				01C2A97D1CCE165E001342D4 /* player-progress-point-h@2x.png */,
				01C2A97E1CCE165E001342D4 /* player-progress-point-h@3x.png */,
			);
			path = Resources;
			sourceTree = "<group>";
		};
		013E53351CD06A2B009CA523 /* Products */ = {
			isa = PBXGroup;
			children = (
				013E533F1CD06A2C009CA523 /* SnapKit.framework */,
				013E53411CD06A2C009CA523 /* SnapKit.framework */,
				013E53431CD06A2C009CA523 /* SnapKit.framework */,
				013E53451CD06A2C009CA523 /* SnapKit iOS Tests.xctest */,
				013E53471CD06A2C009CA523 /* SnapKit tvOS Tests.xctest */,
				013E53491CD06A2C009CA523 /* SnapKit OSX Tests.xctest */,
				013E534B1CD06A2C009CA523 /* Example-iOS.app */,
			);
			name = Products;
			sourceTree = "<group>";
		};
		013E53591CD0B0AC009CA523 /* AsyncWebImage */ = {
			isa = PBXGroup;
			children = (
				013E535A1CD0B0AC009CA523 /* AsyncImageCache.swift */,
				013E535B1CD0B0AC009CA523 /* AsyncImageDownloader.swift */,
				013E535C1CD0B0AC009CA523 /* UIImageView+AsyncImageCache.swift */,
			);
			path = AsyncWebImage;
			sourceTree = "<group>";
		};
		013E53611CD0BEFD009CA523 /* Products */ = {
			isa = PBXGroup;
			children = (
				013E53691CD0BEFE009CA523 /* CryptoSwift.framework */,
				013E536B1CD0BEFE009CA523 /* CryptoSwift.framework */,
				013E536D1CD0BEFE009CA523 /* CryptoSwift.framework */,
				013E536F1CD0BEFE009CA523 /* CryptoSwift.framework */,
				013E53711CD0BEFE009CA523 /* CryptoSwiftTests.xctest */,
			);
			name = Products;
			sourceTree = "<group>";
		};
		01DD69671CD1BF89006B8607 /* XRRequest */ = {
			isa = PBXGroup;
			children = (
				01DD69841CD1BFCB006B8607 /* Alamofire+Extension.swift */,
				01DD69851CD1BFCB006B8607 /* XRRequest.swift */,
			);
			path = XRRequest;
			sourceTree = "<group>";
		};
		01DD69881CD1C081006B8607 /* XRVideoPlayer */ = {
			isa = PBXGroup;
			children = (
				01DD69891CD1C081006B8607 /* XRActivityInditor.swift */,
				01DD698A1CD1C081006B8607 /* XRVideoPlayer.swift */,
				01DD698B1CD1C081006B8607 /* XRVideoToolBottomView.swift */,
			);
			path = XRVideoPlayer;
			sourceTree = "<group>";
		};
		01E254CF1CCA288A004D7FA2 = {
			isa = PBXGroup;
			children = (
				013E53601CD0BEFD009CA523 /* CryptoSwift.xcodeproj */,
				013E53341CD06A2B009CA523 /* SnapKit.xcodeproj */,
				01F818C81CCF94C50007B4EE /* ObjectMapper.xcodeproj */,
				01F818A71CCF87C70007B4EE /* SwiftyJSON.xcodeproj */,
				01F8188F1CCF87A00007B4EE /* Alamofire.xcodeproj */,
				01E254DA1CCA288A004D7FA2 /* XRVideoPlayer-master */,
				01E254EF1CCA288B004D7FA2 /* XRVideoPlayer-masterTests */,
				01E254FA1CCA288B004D7FA2 /* XRVideoPlayer-masterUITests */,
				01E254D91CCA288A004D7FA2 /* Products */,
			);
			sourceTree = "<group>";
		};
		01E254D91CCA288A004D7FA2 /* Products */ = {
			isa = PBXGroup;
			children = (
				01E254D81CCA288A004D7FA2 /* XRVideoPlayer-master.app */,
				01E254EC1CCA288B004D7FA2 /* XRVideoPlayer-masterTests.xctest */,
				01E254F71CCA288B004D7FA2 /* XRVideoPlayer-masterUITests.xctest */,
			);
			name = Products;
			sourceTree = "<group>";
		};
		01E254DA1CCA288A004D7FA2 /* XRVideoPlayer-master */ = {
			isa = PBXGroup;
			children = (
				01E255091CCA28BB004D7FA2 /* Classes */,
				01E254DB1CCA288A004D7FA2 /* AppDelegate.swift */,
				01E254DD1CCA288A004D7FA2 /* ViewController.swift */,
				01F8185E1CCF631E0007B4EE /* XRVideoPlayer-precompile.h */,
				01E254DF1CCA288A004D7FA2 /* Main.storyboard */,
				01E254E21CCA288A004D7FA2 /* Assets.xcassets */,
				01E254E41CCA288A004D7FA2 /* LaunchScreen.storyboard */,
				01E254E71CCA288A004D7FA2 /* Info.plist */,
				01BD7AFF1CCF3EDD00BE6587 /* XRVideoPlayer-master-Bridging-Header.h */,
			);
			path = "XRVideoPlayer-master";
			sourceTree = "<group>";
		};
		01E254EF1CCA288B004D7FA2 /* XRVideoPlayer-masterTests */ = {
			isa = PBXGroup;
			children = (
				01E254F01CCA288B004D7FA2 /* XRVideoPlayer_masterTests.swift */,
				01E254F21CCA288B004D7FA2 /* Info.plist */,
			);
			path = "XRVideoPlayer-masterTests";
			sourceTree = "<group>";
		};
		01E254FA1CCA288B004D7FA2 /* XRVideoPlayer-masterUITests */ = {
			isa = PBXGroup;
			children = (
				01E254FB1CCA288B004D7FA2 /* XRVideoPlayer_masterUITests.swift */,
				01E254FD1CCA288B004D7FA2 /* Info.plist */,
			);
			path = "XRVideoPlayer-masterUITests";
			sourceTree = "<group>";
		};
		01E255091CCA28BB004D7FA2 /* Classes */ = {
			isa = PBXGroup;
			children = (
				01276EE11CCDCD4400EB5C05 /* Resources */,
				01E2550E1CCA28EF004D7FA2 /* Marcos */,
				01E2550D1CCA28E9004D7FA2 /* Common */,
				01E2550C1CCA28DF004D7FA2 /* Controllers */,
				01E2550B1CCA28D1004D7FA2 /* Models */,
				01E2550A1CCA28C8004D7FA2 /* Views */,
			);
			name = Classes;
			sourceTree = "<group>";
		};
		01E2550A1CCA28C8004D7FA2 /* Views */ = {
			isa = PBXGroup;
			children = (
				013E53201CD06908009CA523 /* VideoListCell.swift */,
			);
			path = Views;
			sourceTree = "<group>";
		};
		01E2550B1CCA28D1004D7FA2 /* Models */ = {
			isa = PBXGroup;
			children = (
				01C23B3C1CD05FED00AF2B91 /* VideoListModel.swift */,
			);
			path = Models;
			sourceTree = "<group>";
		};
		01E2550C1CCA28DF004D7FA2 /* Controllers */ = {
			isa = PBXGroup;
			children = (
				01E255131CCA404B004D7FA2 /* VideoPlayViewController.swift */,
				01BD7AFD1CCF3E1600BE6587 /* VideoPlayLIstViewController.swift */,
			);
			path = Controllers;
			sourceTree = "<group>";
		};
		01E2550D1CCA28E9004D7FA2 /* Common */ = {
			isa = PBXGroup;
			children = (
				01DD69881CD1C081006B8607 /* XRVideoPlayer */,
				013E53591CD0B0AC009CA523 /* AsyncWebImage */,
				0105C2F11CCB680000F268E0 /* RegulationBrightness.swift */,
				01DD69671CD1BF89006B8607 /* XRRequest */,
			);
			path = Common;
			sourceTree = "<group>";
		};
		01E2550E1CCA28EF004D7FA2 /* Marcos */ = {
			isa = PBXGroup;
			children = (
				01E255101CCA297B004D7FA2 /* ProConfig.h */,
			);
			path = Marcos;
			sourceTree = "<group>";
		};
		01F818901CCF87A00007B4EE /* Products */ = {
			isa = PBXGroup;
			children = (
				01F8189A1CCF87A00007B4EE /* Alamofire.framework */,
				01F8189C1CCF87A00007B4EE /* Alamofire iOS Tests.xctest */,
				01F8189E1CCF87A00007B4EE /* Alamofire.framework */,
				01F818A01CCF87A00007B4EE /* Alamofire OSX Tests.xctest */,
				01F818A21CCF87A00007B4EE /* Alamofire.framework */,
				01F818A41CCF87A00007B4EE /* Alamofire tvOS Tests.xctest */,
				01F818A61CCF87A00007B4EE /* Alamofire.framework */,
			);
			name = Products;
			sourceTree = "<group>";
		};
		01F818A81CCF87C70007B4EE /* Products */ = {
			isa = PBXGroup;
			children = (
				01F818B21CCF87C70007B4EE /* SwiftyJSON.framework */,
				01F818B41CCF87C70007B4EE /* SwiftyJSON iOS Tests.xctest */,
				01F818B61CCF87C70007B4EE /* SwiftyJSON.framework */,
				01F818B81CCF87C70007B4EE /* SwiftyJSON OSX Tests.xctest */,
				01F818BA1CCF87C70007B4EE /* SwiftyJSON.framework */,
				01F818BC1CCF87C70007B4EE /* SwiftyJSON.framework */,
				01F818BE1CCF87C70007B4EE /* SwiftyJSON tvOS Tests.xctest */,
			);
			name = Products;
			sourceTree = "<group>";
		};
		01F818C91CCF94C50007B4EE /* Products */ = {
			isa = PBXGroup;
			children = (
				01F818D31CCF94C50007B4EE /* ObjectMapper.framework */,
				01F818D51CCF94C50007B4EE /* ObjectMapper.framework */,
				01F818D71CCF94C50007B4EE /* ObjectMapper.framework */,
				01F818D91CCF94C50007B4EE /* ObjectMapper.framework */,
				01F818DB1CCF94C50007B4EE /* ObjectMapper-iOSTests.xctest */,
				01F818DD1CCF94C50007B4EE /* ObjectMapper-MacTests.xctest */,
				01F818DF1CCF94C50007B4EE /* ObjectMapper-tvOSTests.xctest */,
			);
			name = Products;
			sourceTree = "<group>";
		};
/* End PBXGroup section */

/* Begin PBXNativeTarget section */
		01E254D71CCA288A004D7FA2 /* XRVideoPlayer-master */ = {
			isa = PBXNativeTarget;
			buildConfigurationList = 01E255001CCA288B004D7FA2 /* Build configuration list for PBXNativeTarget "XRVideoPlayer-master" */;
			buildPhases = (
				01E254D41CCA288A004D7FA2 /* Sources */,
				01E254D51CCA288A004D7FA2 /* Frameworks */,
				01E254D61CCA288A004D7FA2 /* Resources */,
				01BD7B1F1CCF4DB200BE6587 /* Embed Frameworks */,
			);
			buildRules = (
			);
			dependencies = (
				01F818C21CCF87FD0007B4EE /* PBXTargetDependency */,
				01F818C61CCF88020007B4EE /* PBXTargetDependency */,
				01F818E31CCF94DC0007B4EE /* PBXTargetDependency */,
				013E534F1CD06A5F009CA523 /* PBXTargetDependency */,
				013E53751CD0BF0B009CA523 /* PBXTargetDependency */,
			);
			name = "XRVideoPlayer-master";
			productName = "XRVideoPlayer-master";
			productReference = 01E254D81CCA288A004D7FA2 /* XRVideoPlayer-master.app */;
			productType = "com.apple.product-type.application";
		};
		01E254EB1CCA288B004D7FA2 /* XRVideoPlayer-masterTests */ = {
			isa = PBXNativeTarget;
			buildConfigurationList = 01E255031CCA288B004D7FA2 /* Build configuration list for PBXNativeTarget "XRVideoPlayer-masterTests" */;
			buildPhases = (
				01E254E81CCA288B004D7FA2 /* Sources */,
				01E254E91CCA288B004D7FA2 /* Frameworks */,
				01E254EA1CCA288B004D7FA2 /* Resources */,
			);
			buildRules = (
			);
			dependencies = (
				01E254EE1CCA288B004D7FA2 /* PBXTargetDependency */,
			);
			name = "XRVideoPlayer-masterTests";
			productName = "XRVideoPlayer-masterTests";
			productReference = 01E254EC1CCA288B004D7FA2 /* XRVideoPlayer-masterTests.xctest */;
			productType = "com.apple.product-type.bundle.unit-test";
		};
		01E254F61CCA288B004D7FA2 /* XRVideoPlayer-masterUITests */ = {
			isa = PBXNativeTarget;
			buildConfigurationList = 01E255061CCA288B004D7FA2 /* Build configuration list for PBXNativeTarget "XRVideoPlayer-masterUITests" */;
			buildPhases = (
				01E254F31CCA288B004D7FA2 /* Sources */,
				01E254F41CCA288B004D7FA2 /* Frameworks */,
				01E254F51CCA288B004D7FA2 /* Resources */,
			);
			buildRules = (
			);
			dependencies = (
				01E254F91CCA288B004D7FA2 /* PBXTargetDependency */,
			);
			name = "XRVideoPlayer-masterUITests";
			productName = "XRVideoPlayer-masterUITests";
			productReference = 01E254F71CCA288B004D7FA2 /* XRVideoPlayer-masterUITests.xctest */;
			productType = "com.apple.product-type.bundle.ui-testing";
		};
/* End PBXNativeTarget section */

/* Begin PBXProject section */
		01E254D01CCA288A004D7FA2 /* Project object */ = {
			isa = PBXProject;
			attributes = {
				LastSwiftUpdateCheck = 0730;
				LastUpgradeCheck = 0730;
				ORGANIZATIONNAME = "黯丶野火";
				TargetAttributes = {
					01E254D71CCA288A004D7FA2 = {
						CreatedOnToolsVersion = 7.3;
						DevelopmentTeam = AYCJR8SJVG;
						SystemCapabilities = {
							com.apple.BackgroundModes = {
								enabled = 0;
							};
						};
					};
					01E254EB1CCA288B004D7FA2 = {
						CreatedOnToolsVersion = 7.3;
						TestTargetID = 01E254D71CCA288A004D7FA2;
					};
					01E254F61CCA288B004D7FA2 = {
						CreatedOnToolsVersion = 7.3;
						TestTargetID = 01E254D71CCA288A004D7FA2;
					};
				};
			};
			buildConfigurationList = 01E254D31CCA288A004D7FA2 /* Build configuration list for PBXProject "XRVideoPlayer-master" */;
			compatibilityVersion = "Xcode 3.2";
			developmentRegion = English;
			hasScannedForEncodings = 0;
			knownRegions = (
				en,
				Base,
			);
			mainGroup = 01E254CF1CCA288A004D7FA2;
			productRefGroup = 01E254D91CCA288A004D7FA2 /* Products */;
			projectDirPath = "";
			projectReferences = (
				{
					ProductGroup = 01F818901CCF87A00007B4EE /* Products */;
					ProjectRef = 01F8188F1CCF87A00007B4EE /* Alamofire.xcodeproj */;
				},
				{
					ProductGroup = 013E53611CD0BEFD009CA523 /* Products */;
					ProjectRef = 013E53601CD0BEFD009CA523 /* CryptoSwift.xcodeproj */;
				},
				{
					ProductGroup = 01F818C91CCF94C50007B4EE /* Products */;
					ProjectRef = 01F818C81CCF94C50007B4EE /* ObjectMapper.xcodeproj */;
				},
				{
					ProductGroup = 013E53351CD06A2B009CA523 /* Products */;
					ProjectRef = 013E53341CD06A2B009CA523 /* SnapKit.xcodeproj */;
				},
				{
					ProductGroup = 01F818A81CCF87C70007B4EE /* Products */;
					ProjectRef = 01F818A71CCF87C70007B4EE /* SwiftyJSON.xcodeproj */;
				},
			);
			projectRoot = "";
			targets = (
				01E254D71CCA288A004D7FA2 /* XRVideoPlayer-master */,
				01E254EB1CCA288B004D7FA2 /* XRVideoPlayer-masterTests */,
				01E254F61CCA288B004D7FA2 /* XRVideoPlayer-masterUITests */,
			);
		};
/* End PBXProject section */

/* Begin PBXReferenceProxy section */
		013E533F1CD06A2C009CA523 /* SnapKit.framework */ = {
			isa = PBXReferenceProxy;
			fileType = wrapper.framework;
			path = SnapKit.framework;
			remoteRef = 013E533E1CD06A2C009CA523 /* PBXContainerItemProxy */;
			sourceTree = BUILT_PRODUCTS_DIR;
		};
		013E53411CD06A2C009CA523 /* SnapKit.framework */ = {
			isa = PBXReferenceProxy;
			fileType = wrapper.framework;
			path = SnapKit.framework;
			remoteRef = 013E53401CD06A2C009CA523 /* PBXContainerItemProxy */;
			sourceTree = BUILT_PRODUCTS_DIR;
		};
		013E53431CD06A2C009CA523 /* SnapKit.framework */ = {
			isa = PBXReferenceProxy;
			fileType = wrapper.framework;
			path = SnapKit.framework;
			remoteRef = 013E53421CD06A2C009CA523 /* PBXContainerItemProxy */;
			sourceTree = BUILT_PRODUCTS_DIR;
		};
		013E53451CD06A2C009CA523 /* SnapKit iOS Tests.xctest */ = {
			isa = PBXReferenceProxy;
			fileType = wrapper.cfbundle;
			path = "SnapKit iOS Tests.xctest";
			remoteRef = 013E53441CD06A2C009CA523 /* PBXContainerItemProxy */;
			sourceTree = BUILT_PRODUCTS_DIR;
		};
		013E53471CD06A2C009CA523 /* SnapKit tvOS Tests.xctest */ = {
			isa = PBXReferenceProxy;
			fileType = wrapper.cfbundle;
			path = "SnapKit tvOS Tests.xctest";
			remoteRef = 013E53461CD06A2C009CA523 /* PBXContainerItemProxy */;
			sourceTree = BUILT_PRODUCTS_DIR;
		};
		013E53491CD06A2C009CA523 /* SnapKit OSX Tests.xctest */ = {
			isa = PBXReferenceProxy;
			fileType = wrapper.cfbundle;
			path = "SnapKit OSX Tests.xctest";
			remoteRef = 013E53481CD06A2C009CA523 /* PBXContainerItemProxy */;
			sourceTree = BUILT_PRODUCTS_DIR;
		};
		013E534B1CD06A2C009CA523 /* Example-iOS.app */ = {
			isa = PBXReferenceProxy;
			fileType = wrapper.application;
			path = "Example-iOS.app";
			remoteRef = 013E534A1CD06A2C009CA523 /* PBXContainerItemProxy */;
			sourceTree = BUILT_PRODUCTS_DIR;
		};
		013E53691CD0BEFE009CA523 /* CryptoSwift.framework */ = {
			isa = PBXReferenceProxy;
			fileType = wrapper.framework;
			path = CryptoSwift.framework;
			remoteRef = 013E53681CD0BEFE009CA523 /* PBXContainerItemProxy */;
			sourceTree = BUILT_PRODUCTS_DIR;
		};
		013E536B1CD0BEFE009CA523 /* CryptoSwift.framework */ = {
			isa = PBXReferenceProxy;
			fileType = wrapper.framework;
			path = CryptoSwift.framework;
			remoteRef = 013E536A1CD0BEFE009CA523 /* PBXContainerItemProxy */;
			sourceTree = BUILT_PRODUCTS_DIR;
		};
		013E536D1CD0BEFE009CA523 /* CryptoSwift.framework */ = {
			isa = PBXReferenceProxy;
			fileType = wrapper.framework;
			path = CryptoSwift.framework;
			remoteRef = 013E536C1CD0BEFE009CA523 /* PBXContainerItemProxy */;
			sourceTree = BUILT_PRODUCTS_DIR;
		};
		013E536F1CD0BEFE009CA523 /* CryptoSwift.framework */ = {
			isa = PBXReferenceProxy;
			fileType = wrapper.framework;
			path = CryptoSwift.framework;
			remoteRef = 013E536E1CD0BEFE009CA523 /* PBXContainerItemProxy */;
			sourceTree = BUILT_PRODUCTS_DIR;
		};
		013E53711CD0BEFE009CA523 /* CryptoSwiftTests.xctest */ = {
			isa = PBXReferenceProxy;
			fileType = wrapper.cfbundle;
			path = CryptoSwiftTests.xctest;
			remoteRef = 013E53701CD0BEFE009CA523 /* PBXContainerItemProxy */;
			sourceTree = BUILT_PRODUCTS_DIR;
		};
		01F8189A1CCF87A00007B4EE /* Alamofire.framework */ = {
			isa = PBXReferenceProxy;
			fileType = wrapper.framework;
			path = Alamofire.framework;
			remoteRef = 01F818991CCF87A00007B4EE /* PBXContainerItemProxy */;
			sourceTree = BUILT_PRODUCTS_DIR;
		};
		01F8189C1CCF87A00007B4EE /* Alamofire iOS Tests.xctest */ = {
			isa = PBXReferenceProxy;
			fileType = wrapper.cfbundle;
			path = "Alamofire iOS Tests.xctest";
			remoteRef = 01F8189B1CCF87A00007B4EE /* PBXContainerItemProxy */;
			sourceTree = BUILT_PRODUCTS_DIR;
		};
		01F8189E1CCF87A00007B4EE /* Alamofire.framework */ = {
			isa = PBXReferenceProxy;
			fileType = wrapper.framework;
			path = Alamofire.framework;
			remoteRef = 01F8189D1CCF87A00007B4EE /* PBXContainerItemProxy */;
			sourceTree = BUILT_PRODUCTS_DIR;
		};
		01F818A01CCF87A00007B4EE /* Alamofire OSX Tests.xctest */ = {
			isa = PBXReferenceProxy;
			fileType = wrapper.cfbundle;
			path = "Alamofire OSX Tests.xctest";
			remoteRef = 01F8189F1CCF87A00007B4EE /* PBXContainerItemProxy */;
			sourceTree = BUILT_PRODUCTS_DIR;
		};
		01F818A21CCF87A00007B4EE /* Alamofire.framework */ = {
			isa = PBXReferenceProxy;
			fileType = wrapper.framework;
			path = Alamofire.framework;
			remoteRef = 01F818A11CCF87A00007B4EE /* PBXContainerItemProxy */;
			sourceTree = BUILT_PRODUCTS_DIR;
		};
		01F818A41CCF87A00007B4EE /* Alamofire tvOS Tests.xctest */ = {
			isa = PBXReferenceProxy;
			fileType = wrapper.cfbundle;
			path = "Alamofire tvOS Tests.xctest";
			remoteRef = 01F818A31CCF87A00007B4EE /* PBXContainerItemProxy */;
			sourceTree = BUILT_PRODUCTS_DIR;
		};
		01F818A61CCF87A00007B4EE /* Alamofire.framework */ = {
			isa = PBXReferenceProxy;
			fileType = wrapper.framework;
			path = Alamofire.framework;
			remoteRef = 01F818A51CCF87A00007B4EE /* PBXContainerItemProxy */;
			sourceTree = BUILT_PRODUCTS_DIR;
		};
		01F818B21CCF87C70007B4EE /* SwiftyJSON.framework */ = {
			isa = PBXReferenceProxy;
			fileType = wrapper.framework;
			path = SwiftyJSON.framework;
			remoteRef = 01F818B11CCF87C70007B4EE /* PBXContainerItemProxy */;
			sourceTree = BUILT_PRODUCTS_DIR;
		};
		01F818B41CCF87C70007B4EE /* SwiftyJSON iOS Tests.xctest */ = {
			isa = PBXReferenceProxy;
			fileType = wrapper.cfbundle;
			path = "SwiftyJSON iOS Tests.xctest";
			remoteRef = 01F818B31CCF87C70007B4EE /* PBXContainerItemProxy */;
			sourceTree = BUILT_PRODUCTS_DIR;
		};
		01F818B61CCF87C70007B4EE /* SwiftyJSON.framework */ = {
			isa = PBXReferenceProxy;
			fileType = wrapper.framework;
			path = SwiftyJSON.framework;
			remoteRef = 01F818B51CCF87C70007B4EE /* PBXContainerItemProxy */;
			sourceTree = BUILT_PRODUCTS_DIR;
		};
		01F818B81CCF87C70007B4EE /* SwiftyJSON OSX Tests.xctest */ = {
			isa = PBXReferenceProxy;
			fileType = wrapper.cfbundle;
			path = "SwiftyJSON OSX Tests.xctest";
			remoteRef = 01F818B71CCF87C70007B4EE /* PBXContainerItemProxy */;
			sourceTree = BUILT_PRODUCTS_DIR;
		};
		01F818BA1CCF87C70007B4EE /* SwiftyJSON.framework */ = {
			isa = PBXReferenceProxy;
			fileType = wrapper.framework;
			path = SwiftyJSON.framework;
			remoteRef = 01F818B91CCF87C70007B4EE /* PBXContainerItemProxy */;
			sourceTree = BUILT_PRODUCTS_DIR;
		};
		01F818BC1CCF87C70007B4EE /* SwiftyJSON.framework */ = {
			isa = PBXReferenceProxy;
			fileType = wrapper.framework;
			path = SwiftyJSON.framework;
			remoteRef = 01F818BB1CCF87C70007B4EE /* PBXContainerItemProxy */;
			sourceTree = BUILT_PRODUCTS_DIR;
		};
		01F818BE1CCF87C70007B4EE /* SwiftyJSON tvOS Tests.xctest */ = {
			isa = PBXReferenceProxy;
			fileType = wrapper.cfbundle;
			path = "SwiftyJSON tvOS Tests.xctest";
			remoteRef = 01F818BD1CCF87C70007B4EE /* PBXContainerItemProxy */;
			sourceTree = BUILT_PRODUCTS_DIR;
		};
		01F818D31CCF94C50007B4EE /* ObjectMapper.framework */ = {
			isa = PBXReferenceProxy;
			fileType = wrapper.framework;
			path = ObjectMapper.framework;
			remoteRef = 01F818D21CCF94C50007B4EE /* PBXContainerItemProxy */;
			sourceTree = BUILT_PRODUCTS_DIR;
		};
		01F818D51CCF94C50007B4EE /* ObjectMapper.framework */ = {
			isa = PBXReferenceProxy;
			fileType = wrapper.framework;
			path = ObjectMapper.framework;
			remoteRef = 01F818D41CCF94C50007B4EE /* PBXContainerItemProxy */;
			sourceTree = BUILT_PRODUCTS_DIR;
		};
		01F818D71CCF94C50007B4EE /* ObjectMapper.framework */ = {
			isa = PBXReferenceProxy;
			fileType = wrapper.framework;
			path = ObjectMapper.framework;
			remoteRef = 01F818D61CCF94C50007B4EE /* PBXContainerItemProxy */;
			sourceTree = BUILT_PRODUCTS_DIR;
		};
		01F818D91CCF94C50007B4EE /* ObjectMapper.framework */ = {
			isa = PBXReferenceProxy;
			fileType = wrapper.framework;
			path = ObjectMapper.framework;
			remoteRef = 01F818D81CCF94C50007B4EE /* PBXContainerItemProxy */;
			sourceTree = BUILT_PRODUCTS_DIR;
		};
		01F818DB1CCF94C50007B4EE /* ObjectMapper-iOSTests.xctest */ = {
			isa = PBXReferenceProxy;
			fileType = wrapper.cfbundle;
			path = "ObjectMapper-iOSTests.xctest";
			remoteRef = 01F818DA1CCF94C50007B4EE /* PBXContainerItemProxy */;
			sourceTree = BUILT_PRODUCTS_DIR;
		};
		01F818DD1CCF94C50007B4EE /* ObjectMapper-MacTests.xctest */ = {
			isa = PBXReferenceProxy;
			fileType = wrapper.cfbundle;
			path = "ObjectMapper-MacTests.xctest";
			remoteRef = 01F818DC1CCF94C50007B4EE /* PBXContainerItemProxy */;
			sourceTree = BUILT_PRODUCTS_DIR;
		};
		01F818DF1CCF94C50007B4EE /* ObjectMapper-tvOSTests.xctest */ = {
			isa = PBXReferenceProxy;
			fileType = wrapper.cfbundle;
			path = "ObjectMapper-tvOSTests.xctest";
			remoteRef = 01F818DE1CCF94C50007B4EE /* PBXContainerItemProxy */;
			sourceTree = BUILT_PRODUCTS_DIR;
		};
/* End PBXReferenceProxy section */

/* Begin PBXResourcesBuildPhase section */
		01E254D61CCA288A004D7FA2 /* Resources */ = {
			isa = PBXResourcesBuildPhase;
			buildActionMask = 2147483647;
			files = (
				01C2A9881CCE166E001342D4 /* player_loadin_3@2x.png in Resources */,
				01E254E61CCA288A004D7FA2 /* LaunchScreen.storyboard in Resources */,
				01E254E31CCA288A004D7FA2 /* Assets.xcassets in Resources */,
				01C2A97F1CCE165E001342D4 /* player-progress-point-h@2x.png in Resources */,
				01C2A98A1CCE166E001342D4 /* player_loadin_5@2x.png in Resources */,
				01C2A9871CCE166E001342D4 /* player_loadin_2@2x.png in Resources */,
				01C2A9891CCE166E001342D4 /* player_loadin_4@2x.png in Resources */,
				01E254E11CCA288A004D7FA2 /* Main.storyboard in Resources */,
				01C2A9861CCE166E001342D4 /* player_loadin_1@2x.png in Resources */,
				01C2A9801CCE165E001342D4 /* player-progress-point-h@3x.png in Resources */,
			);
			runOnlyForDeploymentPostprocessing = 0;
		};
		01E254EA1CCA288B004D7FA2 /* Resources */ = {
			isa = PBXResourcesBuildPhase;
			buildActionMask = 2147483647;
			files = (
			);
			runOnlyForDeploymentPostprocessing = 0;
		};
		01E254F51CCA288B004D7FA2 /* Resources */ = {
			isa = PBXResourcesBuildPhase;
			buildActionMask = 2147483647;
			files = (
			);
			runOnlyForDeploymentPostprocessing = 0;
		};
/* End PBXResourcesBuildPhase section */

/* Begin PBXSourcesBuildPhase section */
		01E254D41CCA288A004D7FA2 /* Sources */ = {
			isa = PBXSourcesBuildPhase;
			buildActionMask = 2147483647;
			files = (
				01E255141CCA404B004D7FA2 /* VideoPlayViewController.swift in Sources */,
				01DD698C1CD1C081006B8607 /* XRActivityInditor.swift in Sources */,
				01C23B3D1CD05FED00AF2B91 /* VideoListModel.swift in Sources */,
				01DD698E1CD1C081006B8607 /* XRVideoToolBottomView.swift in Sources */,
				013E535D1CD0B0AC009CA523 /* AsyncImageCache.swift in Sources */,
				01DD69861CD1BFCB006B8607 /* Alamofire+Extension.swift in Sources */,
				01DD698D1CD1C081006B8607 /* XRVideoPlayer.swift in Sources */,
				013E53211CD06908009CA523 /* VideoListCell.swift in Sources */,
				013E535E1CD0B0AC009CA523 /* AsyncImageDownloader.swift in Sources */,
				01BD7AFE1CCF3E1600BE6587 /* VideoPlayLIstViewController.swift in Sources */,
				01DD69871CD1BFCB006B8607 /* XRRequest.swift in Sources */,
				01E254DE1CCA288A004D7FA2 /* ViewController.swift in Sources */,
				013E535F1CD0B0AC009CA523 /* UIImageView+AsyncImageCache.swift in Sources */,
				0105C2F21CCB680000F268E0 /* RegulationBrightness.swift in Sources */,
				01E254DC1CCA288A004D7FA2 /* AppDelegate.swift in Sources */,
			);
			runOnlyForDeploymentPostprocessing = 0;
		};
		01E254E81CCA288B004D7FA2 /* Sources */ = {
			isa = PBXSourcesBuildPhase;
			buildActionMask = 2147483647;
			files = (
				01E254F11CCA288B004D7FA2 /* XRVideoPlayer_masterTests.swift in Sources */,
			);
			runOnlyForDeploymentPostprocessing = 0;
		};
		01E254F31CCA288B004D7FA2 /* Sources */ = {
			isa = PBXSourcesBuildPhase;
			buildActionMask = 2147483647;
			files = (
				01E254FC1CCA288B004D7FA2 /* XRVideoPlayer_masterUITests.swift in Sources */,
			);
			runOnlyForDeploymentPostprocessing = 0;
		};
/* End PBXSourcesBuildPhase section */

/* Begin PBXTargetDependency section */
		013E534F1CD06A5F009CA523 /* PBXTargetDependency */ = {
			isa = PBXTargetDependency;
			name = "SnapKit iOS";
			targetProxy = 013E534E1CD06A5F009CA523 /* PBXContainerItemProxy */;
		};
		013E53751CD0BF0B009CA523 /* PBXTargetDependency */ = {
			isa = PBXTargetDependency;
			name = "CryptoSwift iOS";
			targetProxy = 013E53741CD0BF0B009CA523 /* PBXContainerItemProxy */;
		};
		01E254EE1CCA288B004D7FA2 /* PBXTargetDependency */ = {
			isa = PBXTargetDependency;
			target = 01E254D71CCA288A004D7FA2 /* XRVideoPlayer-master */;
			targetProxy = 01E254ED1CCA288B004D7FA2 /* PBXContainerItemProxy */;
		};
		01E254F91CCA288B004D7FA2 /* PBXTargetDependency */ = {
			isa = PBXTargetDependency;
			target = 01E254D71CCA288A004D7FA2 /* XRVideoPlayer-master */;
			targetProxy = 01E254F81CCA288B004D7FA2 /* PBXContainerItemProxy */;
		};
		01F818C21CCF87FD0007B4EE /* PBXTargetDependency */ = {
			isa = PBXTargetDependency;
			name = "SwiftyJSON iOS";
			targetProxy = 01F818C11CCF87FD0007B4EE /* PBXContainerItemProxy */;
		};
		01F818C61CCF88020007B4EE /* PBXTargetDependency */ = {
			isa = PBXTargetDependency;
			name = "Alamofire iOS";
			targetProxy = 01F818C51CCF88020007B4EE /* PBXContainerItemProxy */;
		};
		01F818E31CCF94DC0007B4EE /* PBXTargetDependency */ = {
			isa = PBXTargetDependency;
			name = "ObjectMapper-iOS";
			targetProxy = 01F818E21CCF94DC0007B4EE /* PBXContainerItemProxy */;
		};
/* End PBXTargetDependency section */

/* Begin PBXVariantGroup section */
		01E254DF1CCA288A004D7FA2 /* Main.storyboard */ = {
			isa = PBXVariantGroup;
			children = (
				01E254E01CCA288A004D7FA2 /* Base */,
			);
			name = Main.storyboard;
			sourceTree = "<group>";
		};
		01E254E41CCA288A004D7FA2 /* LaunchScreen.storyboard */ = {
			isa = PBXVariantGroup;
			children = (
				01E254E51CCA288A004D7FA2 /* Base */,
			);
			name = LaunchScreen.storyboard;
			sourceTree = "<group>";
		};
/* End PBXVariantGroup section */

/* Begin XCBuildConfiguration section */
		01E254FE1CCA288B004D7FA2 /* Debug */ = {
			isa = XCBuildConfiguration;
			buildSettings = {
				ALWAYS_SEARCH_USER_PATHS = NO;
				CLANG_ANALYZER_NONNULL = YES;
				CLANG_CXX_LANGUAGE_STANDARD = "gnu++0x";
				CLANG_CXX_LIBRARY = "libc++";
				CLANG_ENABLE_MODULES = YES;
				CLANG_ENABLE_OBJC_ARC = YES;
				CLANG_WARN_BOOL_CONVERSION = YES;
				CLANG_WARN_CONSTANT_CONVERSION = YES;
				CLANG_WARN_DIRECT_OBJC_ISA_USAGE = YES_ERROR;
				CLANG_WARN_EMPTY_BODY = YES;
				CLANG_WARN_ENUM_CONVERSION = YES;
				CLANG_WARN_INT_CONVERSION = YES;
				CLANG_WARN_OBJC_ROOT_CLASS = YES_ERROR;
				CLANG_WARN_UNREACHABLE_CODE = YES;
				CLANG_WARN__DUPLICATE_METHOD_MATCH = YES;
				"CODE_SIGN_IDENTITY[sdk=iphoneos*]" = "iPhone Developer";
				COPY_PHASE_STRIP = NO;
				DEBUG_INFORMATION_FORMAT = dwarf;
				ENABLE_STRICT_OBJC_MSGSEND = YES;
				ENABLE_TESTABILITY = YES;
				GCC_C_LANGUAGE_STANDARD = gnu99;
				GCC_DYNAMIC_NO_PIC = NO;
				GCC_NO_COMMON_BLOCKS = YES;
				GCC_OPTIMIZATION_LEVEL = 0;
				GCC_PREPROCESSOR_DEFINITIONS = (
					"DEBUG=1",
					"$(inherited)",
				);
				GCC_WARN_64_TO_32_BIT_CONVERSION = YES;
				GCC_WARN_ABOUT_RETURN_TYPE = YES_ERROR;
				GCC_WARN_UNDECLARED_SELECTOR = YES;
				GCC_WARN_UNINITIALIZED_AUTOS = YES_AGGRESSIVE;
				GCC_WARN_UNUSED_FUNCTION = YES;
				GCC_WARN_UNUSED_VARIABLE = YES;
				IPHONEOS_DEPLOYMENT_TARGET = 9.3;
				MTL_ENABLE_DEBUG_INFO = YES;
				ONLY_ACTIVE_ARCH = YES;
				SDKROOT = iphoneos;
				SWIFT_OPTIMIZATION_LEVEL = "-Onone";
			};
			name = Debug;
		};
		01E254FF1CCA288B004D7FA2 /* Release */ = {
			isa = XCBuildConfiguration;
			buildSettings = {
				ALWAYS_SEARCH_USER_PATHS = NO;
				CLANG_ANALYZER_NONNULL = YES;
				CLANG_CXX_LANGUAGE_STANDARD = "gnu++0x";
				CLANG_CXX_LIBRARY = "libc++";
				CLANG_ENABLE_MODULES = YES;
				CLANG_ENABLE_OBJC_ARC = YES;
				CLANG_WARN_BOOL_CONVERSION = YES;
				CLANG_WARN_CONSTANT_CONVERSION = YES;
				CLANG_WARN_DIRECT_OBJC_ISA_USAGE = YES_ERROR;
				CLANG_WARN_EMPTY_BODY = YES;
				CLANG_WARN_ENUM_CONVERSION = YES;
				CLANG_WARN_INT_CONVERSION = YES;
				CLANG_WARN_OBJC_ROOT_CLASS = YES_ERROR;
				CLANG_WARN_UNREACHABLE_CODE = YES;
				CLANG_WARN__DUPLICATE_METHOD_MATCH = YES;
				"CODE_SIGN_IDENTITY[sdk=iphoneos*]" = "iPhone Developer";
				COPY_PHASE_STRIP = NO;
				DEBUG_INFORMATION_FORMAT = "dwarf-with-dsym";
				ENABLE_NS_ASSERTIONS = NO;
				ENABLE_STRICT_OBJC_MSGSEND = YES;
				GCC_C_LANGUAGE_STANDARD = gnu99;
				GCC_NO_COMMON_BLOCKS = YES;
				GCC_WARN_64_TO_32_BIT_CONVERSION = YES;
				GCC_WARN_ABOUT_RETURN_TYPE = YES_ERROR;
				GCC_WARN_UNDECLARED_SELECTOR = YES;
				GCC_WARN_UNINITIALIZED_AUTOS = YES_AGGRESSIVE;
				GCC_WARN_UNUSED_FUNCTION = YES;
				GCC_WARN_UNUSED_VARIABLE = YES;
				IPHONEOS_DEPLOYMENT_TARGET = 9.3;
				MTL_ENABLE_DEBUG_INFO = NO;
				SDKROOT = iphoneos;
				VALIDATE_PRODUCT = YES;
			};
			name = Release;
		};
		01E255011CCA288B004D7FA2 /* Debug */ = {
			isa = XCBuildConfiguration;
			buildSettings = {
				ASSETCATALOG_COMPILER_APPICON_NAME = AppIcon;
				CLANG_ENABLE_MODULES = YES;
				CODE_SIGN_IDENTITY = "iPhone Developer: Yuening Wu (Z5NZY5E4ZS)";
				EMBEDDED_CONTENT_CONTAINS_SWIFT = YES;
				GCC_PRECOMPILE_PREFIX_HEADER = YES;
				GCC_PREFIX_HEADER = "$(SRCROOT)/XRVideoPlayer-master/XRVideoPlayer-precompile.h";
				INFOPLIST_FILE = "XRVideoPlayer-master/Info.plist";
				IPHONEOS_DEPLOYMENT_TARGET = 7.0;
				LD_RUNPATH_SEARCH_PATHS = "$(inherited) @executable_path/Frameworks";
				PRODUCT_BUNDLE_IDENTIFIER = "com.kkguan.XRVideoPlayer-master";
				PRODUCT_NAME = "$(TARGET_NAME)";
				PROVISIONING_PROFILE = "d4e8cab2-8ef8-46c4-9ac1-152b8bac95df";
				SWIFT_OBJC_BRIDGING_HEADER = "XRVideoPlayer-master/XRVideoPlayer-master-Bridging-Header.h";
				SWIFT_OPTIMIZATION_LEVEL = "-Onone";
			};
			name = Debug;
		};
		01E255021CCA288B004D7FA2 /* Release */ = {
			isa = XCBuildConfiguration;
			buildSettings = {
				ASSETCATALOG_COMPILER_APPICON_NAME = AppIcon;
				CLANG_ENABLE_MODULES = YES;
				CODE_SIGN_IDENTITY = "iPhone Developer: Yuening Wu (Z5NZY5E4ZS)";
				EMBEDDED_CONTENT_CONTAINS_SWIFT = YES;
				GCC_PRECOMPILE_PREFIX_HEADER = YES;
				GCC_PREFIX_HEADER = "$(SRCROOT)/XRVideoPlayer-master/XRVideoPlayer-precompile.h";
				INFOPLIST_FILE = "XRVideoPlayer-master/Info.plist";
				IPHONEOS_DEPLOYMENT_TARGET = 7.0;
				LD_RUNPATH_SEARCH_PATHS = "$(inherited) @executable_path/Frameworks";
				PRODUCT_BUNDLE_IDENTIFIER = "com.kkguan.XRVideoPlayer-master";
				PRODUCT_NAME = "$(TARGET_NAME)";
				PROVISIONING_PROFILE = "d4e8cab2-8ef8-46c4-9ac1-152b8bac95df";
				SWIFT_OBJC_BRIDGING_HEADER = "XRVideoPlayer-master/XRVideoPlayer-master-Bridging-Header.h";
			};
			name = Release;
		};
		01E255041CCA288B004D7FA2 /* Debug */ = {
			isa = XCBuildConfiguration;
			buildSettings = {
				BUNDLE_LOADER = "$(TEST_HOST)";
				INFOPLIST_FILE = "XRVideoPlayer-masterTests/Info.plist";
				LD_RUNPATH_SEARCH_PATHS = "$(inherited) @executable_path/Frameworks @loader_path/Frameworks";
				PRODUCT_BUNDLE_IDENTIFIER = "com.kkguan.XRVideoPlayer-masterTests";
				PRODUCT_NAME = "$(TARGET_NAME)";
				TEST_HOST = "$(BUILT_PRODUCTS_DIR)/XRVideoPlayer-master.app/XRVideoPlayer-master";
			};
			name = Debug;
		};
		01E255051CCA288B004D7FA2 /* Release */ = {
			isa = XCBuildConfiguration;
			buildSettings = {
				BUNDLE_LOADER = "$(TEST_HOST)";
				INFOPLIST_FILE = "XRVideoPlayer-masterTests/Info.plist";
				LD_RUNPATH_SEARCH_PATHS = "$(inherited) @executable_path/Frameworks @loader_path/Frameworks";
				PRODUCT_BUNDLE_IDENTIFIER = "com.kkguan.XRVideoPlayer-masterTests";
				PRODUCT_NAME = "$(TARGET_NAME)";
				TEST_HOST = "$(BUILT_PRODUCTS_DIR)/XRVideoPlayer-master.app/XRVideoPlayer-master";
			};
			name = Release;
		};
		01E255071CCA288B004D7FA2 /* Debug */ = {
			isa = XCBuildConfiguration;
			buildSettings = {
				INFOPLIST_FILE = "XRVideoPlayer-masterUITests/Info.plist";
				LD_RUNPATH_SEARCH_PATHS = "$(inherited) @executable_path/Frameworks @loader_path/Frameworks";
				PRODUCT_BUNDLE_IDENTIFIER = "com.kkguan.XRVideoPlayer-masterUITests";
				PRODUCT_NAME = "$(TARGET_NAME)";
				TEST_TARGET_NAME = "XRVideoPlayer-master";
			};
			name = Debug;
		};
		01E255081CCA288B004D7FA2 /* Release */ = {
			isa = XCBuildConfiguration;
			buildSettings = {
				INFOPLIST_FILE = "XRVideoPlayer-masterUITests/Info.plist";
				LD_RUNPATH_SEARCH_PATHS = "$(inherited) @executable_path/Frameworks @loader_path/Frameworks";
				PRODUCT_BUNDLE_IDENTIFIER = "com.kkguan.XRVideoPlayer-masterUITests";
				PRODUCT_NAME = "$(TARGET_NAME)";
				TEST_TARGET_NAME = "XRVideoPlayer-master";
			};
			name = Release;
		};
/* End XCBuildConfiguration section */

/* Begin XCConfigurationList section */
		01E254D31CCA288A004D7FA2 /* Build configuration list for PBXProject "XRVideoPlayer-master" */ = {
			isa = XCConfigurationList;
			buildConfigurations = (
				01E254FE1CCA288B004D7FA2 /* Debug */,
				01E254FF1CCA288B004D7FA2 /* Release */,
			);
			defaultConfigurationIsVisible = 0;
			defaultConfigurationName = Release;
		};
		01E255001CCA288B004D7FA2 /* Build configuration list for PBXNativeTarget "XRVideoPlayer-master" */ = {
			isa = XCConfigurationList;
			buildConfigurations = (
				01E255011CCA288B004D7FA2 /* Debug */,
				01E255021CCA288B004D7FA2 /* Release */,
			);
			defaultConfigurationIsVisible = 0;
			defaultConfigurationName = Release;
		};
		01E255031CCA288B004D7FA2 /* Build configuration list for PBXNativeTarget "XRVideoPlayer-masterTests" */ = {
			isa = XCConfigurationList;
			buildConfigurations = (
				01E255041CCA288B004D7FA2 /* Debug */,
				01E255051CCA288B004D7FA2 /* Release */,
			);
			defaultConfigurationIsVisible = 0;
			defaultConfigurationName = Release;
		};
		01E255061CCA288B004D7FA2 /* Build configuration list for PBXNativeTarget "XRVideoPlayer-masterUITests" */ = {
			isa = XCConfigurationList;
			buildConfigurations = (
				01E255071CCA288B004D7FA2 /* Debug */,
				01E255081CCA288B004D7FA2 /* Release */,
			);
			defaultConfigurationIsVisible = 0;
			defaultConfigurationName = Release;
		};
/* End XCConfigurationList section */
	};
	rootObject = 01E254D01CCA288A004D7FA2 /* Project object */;
}
